// !$*UTF8*$!
{
	archiveVersion = 1;
	classes = {
	};
	objectVersion = 55;
	objects = {

/* Begin PBXBuildFile section */
		81BE02EE360487416451D343 /* Pods_dropper.framework in Frameworks */ = {isa = PBXBuildFile; fileRef = EAA71E73B37A4B953D069DCE /* Pods_dropper.framework */; };
		D8036E3B29A18F830081CF41 /* Ground.swift in Sources */ = {isa = PBXBuildFile; fileRef = D8036E3A29A18F830081CF41 /* Ground.swift */; };
		D8036E3D29A199EA0081CF41 /* Button.swift in Sources */ = {isa = PBXBuildFile; fileRef = D8036E3C29A199EA0081CF41 /* Button.swift */; };
		D8036E4129A218090081CF41 /* Block.swift in Sources */ = {isa = PBXBuildFile; fileRef = D8036E4029A218090081CF41 /* Block.swift */; };
		D8036E4329A218F80081CF41 /* BlockGrid.swift in Sources */ = {isa = PBXBuildFile; fileRef = D8036E4229A218F80081CF41 /* BlockGrid.swift */; };
		D8036E4529A21AFA0081CF41 /* GridReference.swift in Sources */ = {isa = PBXBuildFile; fileRef = D8036E4429A21AFA0081CF41 /* GridReference.swift */; };
		D8036E4729A221650081CF41 /* BlockTests.swift in Sources */ = {isa = PBXBuildFile; fileRef = D8036E4629A221650081CF41 /* BlockTests.swift */; };
		D8036E4929A225010081CF41 /* BlockGridTests.swift in Sources */ = {isa = PBXBuildFile; fileRef = D8036E4829A225010081CF41 /* BlockGridTests.swift */; };
		D80B0A7B29A2932D00E7B43A /* BlockResult.swift in Sources */ = {isa = PBXBuildFile; fileRef = D80B0A7A29A2932D00E7B43A /* BlockResult.swift */; };
		D834301B29A47B4A00D9C052 /* BlockGridDelegate.swift in Sources */ = {isa = PBXBuildFile; fileRef = D834301A29A47B4A00D9C052 /* BlockGridDelegate.swift */; };
		D834301E29A481B600D9C052 /* ScreenPosition.swift in Sources */ = {isa = PBXBuildFile; fileRef = D834301D29A481B600D9C052 /* ScreenPosition.swift */; };
		D834302129A48B5900D9C052 /* Podfile in Resources */ = {isa = PBXBuildFile; fileRef = D834302029A48B5900D9C052 /* Podfile */; };
		D83F62D829BAC16C001120C7 /* UIImageExtension.swift in Sources */ = {isa = PBXBuildFile; fileRef = D83F62D729BAC16C001120C7 /* UIImageExtension.swift */; };
		D83F62DA29BB1FFC001120C7 /* Cloud.swift in Sources */ = {isa = PBXBuildFile; fileRef = D83F62D929BB1FFC001120C7 /* Cloud.swift */; };
		D83F62DE29BC4AEE001120C7 /* MKOutlinedLabelNode.swift in Sources */ = {isa = PBXBuildFile; fileRef = D83F62DD29BC4AEE001120C7 /* MKOutlinedLabelNode.swift */; };
		D83F62E029BC5FC7001120C7 /* SKLabelNodeExtension.swift in Sources */ = {isa = PBXBuildFile; fileRef = D83F62DF29BC5FC7001120C7 /* SKLabelNodeExtension.swift */; };
		D83F62E229BD19B4001120C7 /* GameScene.sks in Resources */ = {isa = PBXBuildFile; fileRef = D83F62E129BD19B4001120C7 /* GameScene.sks */; };
		D83F62E429BDA2C6001120C7 /* EffectResult.swift in Sources */ = {isa = PBXBuildFile; fileRef = D83F62E329BDA2C6001120C7 /* EffectResult.swift */; };
		D83F62E629BDA3D3001120C7 /* Achievement.swift in Sources */ = {isa = PBXBuildFile; fileRef = D83F62E529BDA3D3001120C7 /* Achievement.swift */; };
		D83F62E829BDBF35001120C7 /* Level.swift in Sources */ = {isa = PBXBuildFile; fileRef = D83F62E729BDBF35001120C7 /* Level.swift */; };
		D83F62EB29BDC24F001120C7 /* LevelService.swift in Sources */ = {isa = PBXBuildFile; fileRef = D83F62EA29BDC24F001120C7 /* LevelService.swift */; };
		D83F62ED29BE4841001120C7 /* AchievementsTests.swift in Sources */ = {isa = PBXBuildFile; fileRef = D83F62EC29BE4841001120C7 /* AchievementsTests.swift */; };
		D83F62EF29BE4C39001120C7 /* Game.swift in Sources */ = {isa = PBXBuildFile; fileRef = D83F62EE29BE4C39001120C7 /* Game.swift */; };
		D83F62F129BEA4A5001120C7 /* RemoveRowsEffectTests.swift in Sources */ = {isa = PBXBuildFile; fileRef = D83F62F029BEA4A5001120C7 /* RemoveRowsEffectTests.swift */; };
		D83F62F329BEBB82001120C7 /* EffectsRunner.swift in Sources */ = {isa = PBXBuildFile; fileRef = D83F62F229BEBB82001120C7 /* EffectsRunner.swift */; };
		D83F62F529BEDAE7001120C7 /* EffectsRunnerTests.swift in Sources */ = {isa = PBXBuildFile; fileRef = D83F62F429BEDAE6001120C7 /* EffectsRunnerTests.swift */; };
		D83F62F729BFB5BD001120C7 /* ProgressNode.swift in Sources */ = {isa = PBXBuildFile; fileRef = D83F62F629BFB5BD001120C7 /* ProgressNode.swift */; };
		D83F62FE29C032BA001120C7 /* HomeDisplayData.swift in Sources */ = {isa = PBXBuildFile; fileRef = D83F62F829C032BA001120C7 /* HomeDisplayData.swift */; };
		D83F62FF29C032BA001120C7 /* HomePresenter.swift in Sources */ = {isa = PBXBuildFile; fileRef = D83F62F929C032BA001120C7 /* HomePresenter.swift */; };
		D83F630029C032BA001120C7 /* HomeRouter.swift in Sources */ = {isa = PBXBuildFile; fileRef = D83F62FA29C032BA001120C7 /* HomeRouter.swift */; };
		D83F630129C032BA001120C7 /* HomeModuleApi.swift in Sources */ = {isa = PBXBuildFile; fileRef = D83F62FB29C032BA001120C7 /* HomeModuleApi.swift */; };
		D83F630229C032BA001120C7 /* HomeInteractor.swift in Sources */ = {isa = PBXBuildFile; fileRef = D83F62FC29C032BA001120C7 /* HomeInteractor.swift */; };
		D83F630329C032BA001120C7 /* HomeView.swift in Sources */ = {isa = PBXBuildFile; fileRef = D83F62FD29C032BA001120C7 /* HomeView.swift */; };
		D83F630629C0E9B2001120C7 /* SKNodeExtension.swift in Sources */ = {isa = PBXBuildFile; fileRef = D83F630529C0E9B2001120C7 /* SKNodeExtension.swift */; };
		D83F630829C1A039001120C7 /* AutoPositionTests.swift in Sources */ = {isa = PBXBuildFile; fileRef = D83F630729C1A039001120C7 /* AutoPositionTests.swift */; };
		D869175529A7F259008C60F0 /* UIColorExtension.swift in Sources */ = {isa = PBXBuildFile; fileRef = D869175429A7F259008C60F0 /* UIColorExtension.swift */; };
		D869175929A97685008C60F0 /* PlayerNode.swift in Sources */ = {isa = PBXBuildFile; fileRef = D869175829A97685008C60F0 /* PlayerNode.swift */; };
		D869175C29A9C373008C60F0 /* RemoveMatchedBlocksEffect.swift in Sources */ = {isa = PBXBuildFile; fileRef = D869175B29A9C373008C60F0 /* RemoveMatchedBlocksEffect.swift */; };
		D869175E29A9F196008C60F0 /* RemoveMatchedBlocksEffectTests.swift in Sources */ = {isa = PBXBuildFile; fileRef = D869175D29A9F196008C60F0 /* RemoveMatchedBlocksEffectTests.swift */; };
		D869176029AB1215008C60F0 /* DropBlocksEffect.swift in Sources */ = {isa = PBXBuildFile; fileRef = D869175F29AB1215008C60F0 /* DropBlocksEffect.swift */; };
		D869176229AB1DF9008C60F0 /* DropBlocksEffectTests.swift in Sources */ = {isa = PBXBuildFile; fileRef = D869176129AB1DF9008C60F0 /* DropBlocksEffectTests.swift */; };
		D869176429ABE928008C60F0 /* GridEffects.swift in Sources */ = {isa = PBXBuildFile; fileRef = D869176329ABE928008C60F0 /* GridEffects.swift */; };
		D869176829B2BFA2008C60F0 /* GridRange.swift in Sources */ = {isa = PBXBuildFile; fileRef = D869176729B2BFA2008C60F0 /* GridRange.swift */; };
		D869176B29B48183008C60F0 /* ShapeNode.swift in Sources */ = {isa = PBXBuildFile; fileRef = D869176A29B48182008C60F0 /* ShapeNode.swift */; };
		D869176D29B528D8008C60F0 /* Shape.swift in Sources */ = {isa = PBXBuildFile; fileRef = D869176C29B528D8008C60F0 /* Shape.swift */; };
		D869176F29B6B416008C60F0 /* RemoveRowsEffect.swift in Sources */ = {isa = PBXBuildFile; fileRef = D869176E29B6B416008C60F0 /* RemoveRowsEffect.swift */; };
		D869177129B6B612008C60F0 /* DropIntoEmptyRowsEffect.swift in Sources */ = {isa = PBXBuildFile; fileRef = D869177029B6B612008C60F0 /* DropIntoEmptyRowsEffect.swift */; };
		D869177329B80BF7008C60F0 /* ScoreNode.swift in Sources */ = {isa = PBXBuildFile; fileRef = D869177229B80BF7008C60F0 /* ScoreNode.swift */; };
		D88D551F29A16D79003A0478 /* AppDelegate.swift in Sources */ = {isa = PBXBuildFile; fileRef = D88D551E29A16D79003A0478 /* AppDelegate.swift */; };
		D88D552529A16D79003A0478 /* GameScene.swift in Sources */ = {isa = PBXBuildFile; fileRef = D88D552429A16D79003A0478 /* GameScene.swift */; };
		D88D552729A16D79003A0478 /* GameViewController.swift in Sources */ = {isa = PBXBuildFile; fileRef = D88D552629A16D79003A0478 /* GameViewController.swift */; };
		D88D552C29A16D7B003A0478 /* Assets.xcassets in Resources */ = {isa = PBXBuildFile; fileRef = D88D552B29A16D7B003A0478 /* Assets.xcassets */; };
		D88D552F29A16D7B003A0478 /* LaunchScreen.storyboard in Resources */ = {isa = PBXBuildFile; fileRef = D88D552D29A16D7B003A0478 /* LaunchScreen.storyboard */; };
		D88D554329A16D7B003A0478 /* dropperUITests.swift in Sources */ = {isa = PBXBuildFile; fileRef = D88D554229A16D7B003A0478 /* dropperUITests.swift */; };
		D88D554529A16D7B003A0478 /* dropperUITestsLaunchTests.swift in Sources */ = {isa = PBXBuildFile; fileRef = D88D554429A16D7B003A0478 /* dropperUITestsLaunchTests.swift */; };
		D88D555729A174CE003A0478 /* BlockNode.swift in Sources */ = {isa = PBXBuildFile; fileRef = D88D555629A174CE003A0478 /* BlockNode.swift */; };
		D8FDAE2829A48D88007AA40B /* GameView.swift in Sources */ = {isa = PBXBuildFile; fileRef = D8FDAE2229A48D88007AA40B /* GameView.swift */; };
		D8FDAE2929A48D88007AA40B /* GamePresenter.swift in Sources */ = {isa = PBXBuildFile; fileRef = D8FDAE2329A48D88007AA40B /* GamePresenter.swift */; };
		D8FDAE2A29A48D88007AA40B /* GameDisplayData.swift in Sources */ = {isa = PBXBuildFile; fileRef = D8FDAE2429A48D88007AA40B /* GameDisplayData.swift */; };
		D8FDAE2B29A48D88007AA40B /* GameInteractor.swift in Sources */ = {isa = PBXBuildFile; fileRef = D8FDAE2529A48D88007AA40B /* GameInteractor.swift */; };
		D8FDAE2C29A48D88007AA40B /* GameModuleApi.swift in Sources */ = {isa = PBXBuildFile; fileRef = D8FDAE2629A48D88007AA40B /* GameModuleApi.swift */; };
		D8FDAE2D29A48D88007AA40B /* GameRouter.swift in Sources */ = {isa = PBXBuildFile; fileRef = D8FDAE2729A48D88007AA40B /* GameRouter.swift */; };
		D8FDAE3029A48DC9007AA40B /* AppModules.swift in Sources */ = {isa = PBXBuildFile; fileRef = D8FDAE2F29A48DC9007AA40B /* AppModules.swift */; };
		F729575ECE6BD6ECE96D32AE /* Pods_dropperTests.framework in Frameworks */ = {isa = PBXBuildFile; fileRef = CB4528A6368C8997B4517826 /* Pods_dropperTests.framework */; };
/* End PBXBuildFile section */

/* Begin PBXContainerItemProxy section */
		D88D553529A16D7B003A0478 /* PBXContainerItemProxy */ = {
			isa = PBXContainerItemProxy;
			containerPortal = D88D551329A16D79003A0478 /* Project object */;
			proxyType = 1;
			remoteGlobalIDString = D88D551A29A16D79003A0478;
			remoteInfo = dropper;
		};
		D88D553F29A16D7B003A0478 /* PBXContainerItemProxy */ = {
			isa = PBXContainerItemProxy;
			containerPortal = D88D551329A16D79003A0478 /* Project object */;
			proxyType = 1;
			remoteGlobalIDString = D88D551A29A16D79003A0478;
			remoteInfo = dropper;
		};
/* End PBXContainerItemProxy section */

/* Begin PBXFileReference section */
		34D5EDDAD6971CE46AE74606 /* Pods-dropperTests.release.xcconfig */ = {isa = PBXFileReference; includeInIndex = 1; lastKnownFileType = text.xcconfig; name = "Pods-dropperTests.release.xcconfig"; path = "Target Support Files/Pods-dropperTests/Pods-dropperTests.release.xcconfig"; sourceTree = "<group>"; };
		61601AFF1AA7F4FD91C50AC6 /* Pods-dropper.release.xcconfig */ = {isa = PBXFileReference; includeInIndex = 1; lastKnownFileType = text.xcconfig; name = "Pods-dropper.release.xcconfig"; path = "Target Support Files/Pods-dropper/Pods-dropper.release.xcconfig"; sourceTree = "<group>"; };
		9F9BF3DC8DF3DAE9E9AD06EA /* Pods-dropperTests.debug.xcconfig */ = {isa = PBXFileReference; includeInIndex = 1; lastKnownFileType = text.xcconfig; name = "Pods-dropperTests.debug.xcconfig"; path = "Target Support Files/Pods-dropperTests/Pods-dropperTests.debug.xcconfig"; sourceTree = "<group>"; };
		CB4528A6368C8997B4517826 /* Pods_dropperTests.framework */ = {isa = PBXFileReference; explicitFileType = wrapper.framework; includeInIndex = 0; path = Pods_dropperTests.framework; sourceTree = BUILT_PRODUCTS_DIR; };
		D68427ABB23B349268D78A01 /* Pods-dropper.debug.xcconfig */ = {isa = PBXFileReference; includeInIndex = 1; lastKnownFileType = text.xcconfig; name = "Pods-dropper.debug.xcconfig"; path = "Target Support Files/Pods-dropper/Pods-dropper.debug.xcconfig"; sourceTree = "<group>"; };
		D8036E3A29A18F830081CF41 /* Ground.swift */ = {isa = PBXFileReference; lastKnownFileType = sourcecode.swift; path = Ground.swift; sourceTree = "<group>"; };
		D8036E3C29A199EA0081CF41 /* Button.swift */ = {isa = PBXFileReference; lastKnownFileType = sourcecode.swift; path = Button.swift; sourceTree = "<group>"; };
		D8036E4029A218090081CF41 /* Block.swift */ = {isa = PBXFileReference; lastKnownFileType = sourcecode.swift; path = Block.swift; sourceTree = "<group>"; };
		D8036E4229A218F80081CF41 /* BlockGrid.swift */ = {isa = PBXFileReference; lastKnownFileType = sourcecode.swift; path = BlockGrid.swift; sourceTree = "<group>"; };
		D8036E4429A21AFA0081CF41 /* GridReference.swift */ = {isa = PBXFileReference; lastKnownFileType = sourcecode.swift; path = GridReference.swift; sourceTree = "<group>"; };
		D8036E4629A221650081CF41 /* BlockTests.swift */ = {isa = PBXFileReference; lastKnownFileType = sourcecode.swift; path = BlockTests.swift; sourceTree = "<group>"; };
		D8036E4829A225010081CF41 /* BlockGridTests.swift */ = {isa = PBXFileReference; lastKnownFileType = sourcecode.swift; path = BlockGridTests.swift; sourceTree = "<group>"; };
		D80B0A7A29A2932D00E7B43A /* BlockResult.swift */ = {isa = PBXFileReference; lastKnownFileType = sourcecode.swift; path = BlockResult.swift; sourceTree = "<group>"; };
		D834301A29A47B4A00D9C052 /* BlockGridDelegate.swift */ = {isa = PBXFileReference; lastKnownFileType = sourcecode.swift; path = BlockGridDelegate.swift; sourceTree = "<group>"; };
		D834301D29A481B600D9C052 /* ScreenPosition.swift */ = {isa = PBXFileReference; lastKnownFileType = sourcecode.swift; path = ScreenPosition.swift; sourceTree = "<group>"; };
		D834302029A48B5900D9C052 /* Podfile */ = {isa = PBXFileReference; fileEncoding = 4; lastKnownFileType = text; path = Podfile; sourceTree = "<group>"; xcLanguageSpecificationIdentifier = xcode.lang.ruby; };
		D83F62D729BAC16C001120C7 /* UIImageExtension.swift */ = {isa = PBXFileReference; lastKnownFileType = sourcecode.swift; path = UIImageExtension.swift; sourceTree = "<group>"; };
		D83F62D929BB1FFC001120C7 /* Cloud.swift */ = {isa = PBXFileReference; lastKnownFileType = sourcecode.swift; path = Cloud.swift; sourceTree = "<group>"; };
		D83F62DD29BC4AEE001120C7 /* MKOutlinedLabelNode.swift */ = {isa = PBXFileReference; lastKnownFileType = sourcecode.swift; path = MKOutlinedLabelNode.swift; sourceTree = "<group>"; };
		D83F62DF29BC5FC7001120C7 /* SKLabelNodeExtension.swift */ = {isa = PBXFileReference; lastKnownFileType = sourcecode.swift; path = SKLabelNodeExtension.swift; sourceTree = "<group>"; };
		D83F62E129BD19B4001120C7 /* GameScene.sks */ = {isa = PBXFileReference; lastKnownFileType = file.sks; path = GameScene.sks; sourceTree = "<group>"; };
		D83F62E329BDA2C6001120C7 /* EffectResult.swift */ = {isa = PBXFileReference; lastKnownFileType = sourcecode.swift; path = EffectResult.swift; sourceTree = "<group>"; };
		D83F62E529BDA3D3001120C7 /* Achievement.swift */ = {isa = PBXFileReference; lastKnownFileType = sourcecode.swift; path = Achievement.swift; sourceTree = "<group>"; };
		D83F62E729BDBF35001120C7 /* Level.swift */ = {isa = PBXFileReference; lastKnownFileType = sourcecode.swift; path = Level.swift; sourceTree = "<group>"; };
		D83F62EA29BDC24F001120C7 /* LevelService.swift */ = {isa = PBXFileReference; lastKnownFileType = sourcecode.swift; path = LevelService.swift; sourceTree = "<group>"; };
		D83F62EC29BE4841001120C7 /* AchievementsTests.swift */ = {isa = PBXFileReference; lastKnownFileType = sourcecode.swift; path = AchievementsTests.swift; sourceTree = "<group>"; };
		D83F62EE29BE4C39001120C7 /* Game.swift */ = {isa = PBXFileReference; lastKnownFileType = sourcecode.swift; path = Game.swift; sourceTree = "<group>"; };
		D83F62F029BEA4A5001120C7 /* RemoveRowsEffectTests.swift */ = {isa = PBXFileReference; lastKnownFileType = sourcecode.swift; path = RemoveRowsEffectTests.swift; sourceTree = "<group>"; };
		D83F62F229BEBB82001120C7 /* EffectsRunner.swift */ = {isa = PBXFileReference; lastKnownFileType = sourcecode.swift; path = EffectsRunner.swift; sourceTree = "<group>"; };
		D83F62F429BEDAE6001120C7 /* EffectsRunnerTests.swift */ = {isa = PBXFileReference; lastKnownFileType = sourcecode.swift; path = EffectsRunnerTests.swift; sourceTree = "<group>"; };
		D83F62F629BFB5BD001120C7 /* ProgressNode.swift */ = {isa = PBXFileReference; lastKnownFileType = sourcecode.swift; path = ProgressNode.swift; sourceTree = "<group>"; };
		D83F62F829C032BA001120C7 /* HomeDisplayData.swift */ = {isa = PBXFileReference; lastKnownFileType = sourcecode.swift; path = HomeDisplayData.swift; sourceTree = "<group>"; };
		D83F62F929C032BA001120C7 /* HomePresenter.swift */ = {isa = PBXFileReference; lastKnownFileType = sourcecode.swift; path = HomePresenter.swift; sourceTree = "<group>"; };
		D83F62FA29C032BA001120C7 /* HomeRouter.swift */ = {isa = PBXFileReference; lastKnownFileType = sourcecode.swift; path = HomeRouter.swift; sourceTree = "<group>"; };
		D83F62FB29C032BA001120C7 /* HomeModuleApi.swift */ = {isa = PBXFileReference; lastKnownFileType = sourcecode.swift; path = HomeModuleApi.swift; sourceTree = "<group>"; };
		D83F62FC29C032BA001120C7 /* HomeInteractor.swift */ = {isa = PBXFileReference; lastKnownFileType = sourcecode.swift; path = HomeInteractor.swift; sourceTree = "<group>"; };
		D83F62FD29C032BA001120C7 /* HomeView.swift */ = {isa = PBXFileReference; lastKnownFileType = sourcecode.swift; path = HomeView.swift; sourceTree = "<group>"; };
		D83F630529C0E9B2001120C7 /* SKNodeExtension.swift */ = {isa = PBXFileReference; lastKnownFileType = sourcecode.swift; path = SKNodeExtension.swift; sourceTree = "<group>"; };
		D83F630729C1A039001120C7 /* AutoPositionTests.swift */ = {isa = PBXFileReference; lastKnownFileType = sourcecode.swift; path = AutoPositionTests.swift; sourceTree = "<group>"; };
		D869175429A7F259008C60F0 /* UIColorExtension.swift */ = {isa = PBXFileReference; lastKnownFileType = sourcecode.swift; path = UIColorExtension.swift; sourceTree = "<group>"; };
		D869175829A97685008C60F0 /* PlayerNode.swift */ = {isa = PBXFileReference; lastKnownFileType = sourcecode.swift; path = PlayerNode.swift; sourceTree = "<group>"; };
		D869175B29A9C373008C60F0 /* RemoveMatchedBlocksEffect.swift */ = {isa = PBXFileReference; lastKnownFileType = sourcecode.swift; path = RemoveMatchedBlocksEffect.swift; sourceTree = "<group>"; };
		D869175D29A9F196008C60F0 /* RemoveMatchedBlocksEffectTests.swift */ = {isa = PBXFileReference; lastKnownFileType = sourcecode.swift; path = RemoveMatchedBlocksEffectTests.swift; sourceTree = "<group>"; };
		D869175F29AB1215008C60F0 /* DropBlocksEffect.swift */ = {isa = PBXFileReference; lastKnownFileType = sourcecode.swift; path = DropBlocksEffect.swift; sourceTree = "<group>"; };
		D869176129AB1DF9008C60F0 /* DropBlocksEffectTests.swift */ = {isa = PBXFileReference; lastKnownFileType = sourcecode.swift; path = DropBlocksEffectTests.swift; sourceTree = "<group>"; };
		D869176329ABE928008C60F0 /* GridEffects.swift */ = {isa = PBXFileReference; lastKnownFileType = sourcecode.swift; path = GridEffects.swift; sourceTree = "<group>"; };
		D869176729B2BFA2008C60F0 /* GridRange.swift */ = {isa = PBXFileReference; lastKnownFileType = sourcecode.swift; path = GridRange.swift; sourceTree = "<group>"; };
		D869176A29B48182008C60F0 /* ShapeNode.swift */ = {isa = PBXFileReference; lastKnownFileType = sourcecode.swift; path = ShapeNode.swift; sourceTree = "<group>"; };
		D869176C29B528D8008C60F0 /* Shape.swift */ = {isa = PBXFileReference; lastKnownFileType = sourcecode.swift; path = Shape.swift; sourceTree = "<group>"; };
		D869176E29B6B416008C60F0 /* RemoveRowsEffect.swift */ = {isa = PBXFileReference; lastKnownFileType = sourcecode.swift; path = RemoveRowsEffect.swift; sourceTree = "<group>"; };
		D869177029B6B612008C60F0 /* DropIntoEmptyRowsEffect.swift */ = {isa = PBXFileReference; lastKnownFileType = sourcecode.swift; path = DropIntoEmptyRowsEffect.swift; sourceTree = "<group>"; };
		D869177229B80BF7008C60F0 /* ScoreNode.swift */ = {isa = PBXFileReference; lastKnownFileType = sourcecode.swift; path = ScoreNode.swift; sourceTree = "<group>"; };
		D88D551B29A16D79003A0478 /* dropper.app */ = {isa = PBXFileReference; explicitFileType = wrapper.application; includeInIndex = 0; path = dropper.app; sourceTree = BUILT_PRODUCTS_DIR; };
		D88D551E29A16D79003A0478 /* AppDelegate.swift */ = {isa = PBXFileReference; lastKnownFileType = sourcecode.swift; path = AppDelegate.swift; sourceTree = "<group>"; };
		D88D552429A16D79003A0478 /* GameScene.swift */ = {isa = PBXFileReference; lastKnownFileType = sourcecode.swift; path = GameScene.swift; sourceTree = "<group>"; };
		D88D552629A16D79003A0478 /* GameViewController.swift */ = {isa = PBXFileReference; lastKnownFileType = sourcecode.swift; path = GameViewController.swift; sourceTree = "<group>"; };
		D88D552B29A16D7B003A0478 /* Assets.xcassets */ = {isa = PBXFileReference; lastKnownFileType = folder.assetcatalog; path = Assets.xcassets; sourceTree = "<group>"; };
		D88D552E29A16D7B003A0478 /* Base */ = {isa = PBXFileReference; lastKnownFileType = file.storyboard; name = Base; path = Base.lproj/LaunchScreen.storyboard; sourceTree = "<group>"; };
		D88D553429A16D7B003A0478 /* dropperTests.xctest */ = {isa = PBXFileReference; explicitFileType = wrapper.cfbundle; includeInIndex = 0; path = dropperTests.xctest; sourceTree = BUILT_PRODUCTS_DIR; };
		D88D553E29A16D7B003A0478 /* dropperUITests.xctest */ = {isa = PBXFileReference; explicitFileType = wrapper.cfbundle; includeInIndex = 0; path = dropperUITests.xctest; sourceTree = BUILT_PRODUCTS_DIR; };
		D88D554229A16D7B003A0478 /* dropperUITests.swift */ = {isa = PBXFileReference; lastKnownFileType = sourcecode.swift; path = dropperUITests.swift; sourceTree = "<group>"; };
		D88D554429A16D7B003A0478 /* dropperUITestsLaunchTests.swift */ = {isa = PBXFileReference; lastKnownFileType = sourcecode.swift; path = dropperUITestsLaunchTests.swift; sourceTree = "<group>"; };
		D88D555629A174CE003A0478 /* BlockNode.swift */ = {isa = PBXFileReference; lastKnownFileType = sourcecode.swift; path = BlockNode.swift; sourceTree = "<group>"; };
		D8FDAE2229A48D88007AA40B /* GameView.swift */ = {isa = PBXFileReference; fileEncoding = 4; lastKnownFileType = sourcecode.swift; path = GameView.swift; sourceTree = "<group>"; };
		D8FDAE2329A48D88007AA40B /* GamePresenter.swift */ = {isa = PBXFileReference; fileEncoding = 4; lastKnownFileType = sourcecode.swift; path = GamePresenter.swift; sourceTree = "<group>"; };
		D8FDAE2429A48D88007AA40B /* GameDisplayData.swift */ = {isa = PBXFileReference; fileEncoding = 4; lastKnownFileType = sourcecode.swift; path = GameDisplayData.swift; sourceTree = "<group>"; };
		D8FDAE2529A48D88007AA40B /* GameInteractor.swift */ = {isa = PBXFileReference; fileEncoding = 4; lastKnownFileType = sourcecode.swift; path = GameInteractor.swift; sourceTree = "<group>"; };
		D8FDAE2629A48D88007AA40B /* GameModuleApi.swift */ = {isa = PBXFileReference; fileEncoding = 4; lastKnownFileType = sourcecode.swift; path = GameModuleApi.swift; sourceTree = "<group>"; };
		D8FDAE2729A48D88007AA40B /* GameRouter.swift */ = {isa = PBXFileReference; fileEncoding = 4; lastKnownFileType = sourcecode.swift; path = GameRouter.swift; sourceTree = "<group>"; };
		D8FDAE2F29A48DC9007AA40B /* AppModules.swift */ = {isa = PBXFileReference; lastKnownFileType = sourcecode.swift; path = AppModules.swift; sourceTree = "<group>"; };
		EAA71E73B37A4B953D069DCE /* Pods_dropper.framework */ = {isa = PBXFileReference; explicitFileType = wrapper.framework; includeInIndex = 0; path = Pods_dropper.framework; sourceTree = BUILT_PRODUCTS_DIR; };
/* End PBXFileReference section */

/* Begin PBXFrameworksBuildPhase section */
		D88D551829A16D79003A0478 /* Frameworks */ = {
			isa = PBXFrameworksBuildPhase;
			buildActionMask = 2147483647;
			files = (
				81BE02EE360487416451D343 /* Pods_dropper.framework in Frameworks */,
			);
			runOnlyForDeploymentPostprocessing = 0;
		};
		D88D553129A16D7B003A0478 /* Frameworks */ = {
			isa = PBXFrameworksBuildPhase;
			buildActionMask = 2147483647;
			files = (
				F729575ECE6BD6ECE96D32AE /* Pods_dropperTests.framework in Frameworks */,
			);
			runOnlyForDeploymentPostprocessing = 0;
		};
		D88D553B29A16D7B003A0478 /* Frameworks */ = {
			isa = PBXFrameworksBuildPhase;
			buildActionMask = 2147483647;
			files = (
			);
			runOnlyForDeploymentPostprocessing = 0;
		};
/* End PBXFrameworksBuildPhase section */

/* Begin PBXGroup section */
		052E47840DC2912757CF3F4A /* Frameworks */ = {
			isa = PBXGroup;
			children = (
				EAA71E73B37A4B953D069DCE /* Pods_dropper.framework */,
				CB4528A6368C8997B4517826 /* Pods_dropperTests.framework */,
			);
			name = Frameworks;
			sourceTree = "<group>";
		};
		D8036E3F29A217800081CF41 /* Model */ = {
			isa = PBXGroup;
			children = (
				D83F62E929BDC243001120C7 /* Services */,
				D869175A29A9C252008C60F0 /* BlockEffects */,
				D83F62E529BDA3D3001120C7 /* Achievement.swift */,
				D8036E4029A218090081CF41 /* Block.swift */,
				D8036E4229A218F80081CF41 /* BlockGrid.swift */,
				D80B0A7A29A2932D00E7B43A /* BlockResult.swift */,
				D8036E4429A21AFA0081CF41 /* GridReference.swift */,
				D834301A29A47B4A00D9C052 /* BlockGridDelegate.swift */,
				D834301D29A481B600D9C052 /* ScreenPosition.swift */,
				D869176729B2BFA2008C60F0 /* GridRange.swift */,
				D869176C29B528D8008C60F0 /* Shape.swift */,
				D83F62E729BDBF35001120C7 /* Level.swift */,
				D83F62EE29BE4C39001120C7 /* Game.swift */,
			);
			path = Model;
			sourceTree = "<group>";
		};
		D834301F29A487C900D9C052 /* Modules */ = {
			isa = PBXGroup;
			children = (
				D8FDAE2F29A48DC9007AA40B /* AppModules.swift */,
				D8FDAE2E29A48D91007AA40B /* Game */,
				D83F630429C032C4001120C7 /* Home */,
				D83F630529C0E9B2001120C7 /* SKNodeExtension.swift */,
			);
			path = Modules;
			sourceTree = "<group>";
		};
		D83F62E929BDC243001120C7 /* Services */ = {
			isa = PBXGroup;
			children = (
				D83F62EA29BDC24F001120C7 /* LevelService.swift */,
			);
			path = Services;
			sourceTree = "<group>";
		};
		D83F630429C032C4001120C7 /* Home */ = {
			isa = PBXGroup;
			children = (
				D83F62F829C032BA001120C7 /* HomeDisplayData.swift */,
				D83F62F929C032BA001120C7 /* HomePresenter.swift */,
				D83F62FA29C032BA001120C7 /* HomeRouter.swift */,
				D83F62FB29C032BA001120C7 /* HomeModuleApi.swift */,
				D83F62FC29C032BA001120C7 /* HomeInteractor.swift */,
				D83F62FD29C032BA001120C7 /* HomeView.swift */,
			);
			path = Home;
			sourceTree = "<group>";
		};
		D869175A29A9C252008C60F0 /* BlockEffects */ = {
			isa = PBXGroup;
			children = (
				D869175B29A9C373008C60F0 /* RemoveMatchedBlocksEffect.swift */,
				D869175F29AB1215008C60F0 /* DropBlocksEffect.swift */,
				D869176329ABE928008C60F0 /* GridEffects.swift */,
				D869176E29B6B416008C60F0 /* RemoveRowsEffect.swift */,
				D869177029B6B612008C60F0 /* DropIntoEmptyRowsEffect.swift */,
				D83F62E329BDA2C6001120C7 /* EffectResult.swift */,
				D83F62F229BEBB82001120C7 /* EffectsRunner.swift */,
			);
			path = BlockEffects;
			sourceTree = "<group>";
		};
		D88D551229A16D79003A0478 = {
			isa = PBXGroup;
			children = (
				D834302029A48B5900D9C052 /* Podfile */,
				D88D551D29A16D79003A0478 /* dropper */,
				D88D553729A16D7B003A0478 /* dropperTests */,
				D88D554129A16D7B003A0478 /* dropperUITests */,
				D88D551C29A16D79003A0478 /* Products */,
				E6A2DF49716934B0BA55C733 /* Pods */,
				052E47840DC2912757CF3F4A /* Frameworks */,
			);
			sourceTree = "<group>";
		};
		D88D551C29A16D79003A0478 /* Products */ = {
			isa = PBXGroup;
			children = (
				D88D551B29A16D79003A0478 /* dropper.app */,
				D88D553429A16D7B003A0478 /* dropperTests.xctest */,
				D88D553E29A16D7B003A0478 /* dropperUITests.xctest */,
			);
			name = Products;
			sourceTree = "<group>";
		};
		D88D551D29A16D79003A0478 /* dropper */ = {
			isa = PBXGroup;
			children = (
				D834301F29A487C900D9C052 /* Modules */,
				D8036E3F29A217800081CF41 /* Model */,
				D88D555529A174B9003A0478 /* Sprites */,
				D88D551E29A16D79003A0478 /* AppDelegate.swift */,
				D88D552629A16D79003A0478 /* GameViewController.swift */,
				D88D552B29A16D7B003A0478 /* Assets.xcassets */,
				D88D552D29A16D7B003A0478 /* LaunchScreen.storyboard */,
				D869175429A7F259008C60F0 /* UIColorExtension.swift */,
				D83F62D729BAC16C001120C7 /* UIImageExtension.swift */,
			);
			path = dropper;
			sourceTree = "<group>";
		};
		D88D553729A16D7B003A0478 /* dropperTests */ = {
			isa = PBXGroup;
			children = (
				D8036E4629A221650081CF41 /* BlockTests.swift */,
				D8036E4829A225010081CF41 /* BlockGridTests.swift */,
				D869175D29A9F196008C60F0 /* RemoveMatchedBlocksEffectTests.swift */,
				D869176129AB1DF9008C60F0 /* DropBlocksEffectTests.swift */,
				D83F62EC29BE4841001120C7 /* AchievementsTests.swift */,
				D83F62F029BEA4A5001120C7 /* RemoveRowsEffectTests.swift */,
				D83F62F429BEDAE6001120C7 /* EffectsRunnerTests.swift */,
				D83F630729C1A039001120C7 /* AutoPositionTests.swift */,
			);
			path = dropperTests;
			sourceTree = "<group>";
		};
		D88D554129A16D7B003A0478 /* dropperUITests */ = {
			isa = PBXGroup;
			children = (
				D88D554229A16D7B003A0478 /* dropperUITests.swift */,
				D88D554429A16D7B003A0478 /* dropperUITestsLaunchTests.swift */,
			);
			path = dropperUITests;
			sourceTree = "<group>";
		};
		D88D555529A174B9003A0478 /* Sprites */ = {
			isa = PBXGroup;
			children = (
				D869176A29B48182008C60F0 /* ShapeNode.swift */,
				D88D555629A174CE003A0478 /* BlockNode.swift */,
				D8036E3C29A199EA0081CF41 /* Button.swift */,
				D8036E3A29A18F830081CF41 /* Ground.swift */,
				D869175829A97685008C60F0 /* PlayerNode.swift */,
				D869177229B80BF7008C60F0 /* ScoreNode.swift */,
				D83F62D929BB1FFC001120C7 /* Cloud.swift */,
				D83F62DD29BC4AEE001120C7 /* MKOutlinedLabelNode.swift */,
				D83F62DF29BC5FC7001120C7 /* SKLabelNodeExtension.swift */,
				D83F62F629BFB5BD001120C7 /* ProgressNode.swift */,
			);
			path = Sprites;
			sourceTree = "<group>";
		};
		D8FDAE2E29A48D91007AA40B /* Game */ = {
			isa = PBXGroup;
			children = (
				D88D552429A16D79003A0478 /* GameScene.swift */,
				D8FDAE2429A48D88007AA40B /* GameDisplayData.swift */,
				D8FDAE2529A48D88007AA40B /* GameInteractor.swift */,
				D8FDAE2629A48D88007AA40B /* GameModuleApi.swift */,
				D8FDAE2329A48D88007AA40B /* GamePresenter.swift */,
				D8FDAE2729A48D88007AA40B /* GameRouter.swift */,
				D8FDAE2229A48D88007AA40B /* GameView.swift */,
				D83F62E129BD19B4001120C7 /* GameScene.sks */,
			);
			path = Game;
			sourceTree = "<group>";
		};
		E6A2DF49716934B0BA55C733 /* Pods */ = {
			isa = PBXGroup;
			children = (
				D68427ABB23B349268D78A01 /* Pods-dropper.debug.xcconfig */,
				61601AFF1AA7F4FD91C50AC6 /* Pods-dropper.release.xcconfig */,
				9F9BF3DC8DF3DAE9E9AD06EA /* Pods-dropperTests.debug.xcconfig */,
				34D5EDDAD6971CE46AE74606 /* Pods-dropperTests.release.xcconfig */,
			);
			path = Pods;
			sourceTree = "<group>";
		};
/* End PBXGroup section */

/* Begin PBXNativeTarget section */
		D88D551A29A16D79003A0478 /* dropper */ = {
			isa = PBXNativeTarget;
			buildConfigurationList = D88D554829A16D7B003A0478 /* Build configuration list for PBXNativeTarget "dropper" */;
			buildPhases = (
				8BE7F19149640F3643E4563E /* [CP] Check Pods Manifest.lock */,
				D88D551729A16D79003A0478 /* Sources */,
				D88D551829A16D79003A0478 /* Frameworks */,
				D88D551929A16D79003A0478 /* Resources */,
				EDDFD97D185450DE56207B06 /* [CP] Embed Pods Frameworks */,
			);
			buildRules = (
			);
			dependencies = (
			);
			name = dropper;
			productName = dropper;
			productReference = D88D551B29A16D79003A0478 /* dropper.app */;
			productType = "com.apple.product-type.application";
		};
		D88D553329A16D7B003A0478 /* dropperTests */ = {
			isa = PBXNativeTarget;
			buildConfigurationList = D88D554B29A16D7B003A0478 /* Build configuration list for PBXNativeTarget "dropperTests" */;
			buildPhases = (
				24F8CE7D6753DD8DDBD28999 /* [CP] Check Pods Manifest.lock */,
				D88D553029A16D7B003A0478 /* Sources */,
				D88D553129A16D7B003A0478 /* Frameworks */,
				D88D553229A16D7B003A0478 /* Resources */,
			);
			buildRules = (
			);
			dependencies = (
				D88D553629A16D7B003A0478 /* PBXTargetDependency */,
			);
			name = dropperTests;
			productName = dropperTests;
			productReference = D88D553429A16D7B003A0478 /* dropperTests.xctest */;
			productType = "com.apple.product-type.bundle.unit-test";
		};
		D88D553D29A16D7B003A0478 /* dropperUITests */ = {
			isa = PBXNativeTarget;
			buildConfigurationList = D88D554E29A16D7B003A0478 /* Build configuration list for PBXNativeTarget "dropperUITests" */;
			buildPhases = (
				D88D553A29A16D7B003A0478 /* Sources */,
				D88D553B29A16D7B003A0478 /* Frameworks */,
				D88D553C29A16D7B003A0478 /* Resources */,
			);
			buildRules = (
			);
			dependencies = (
				D88D554029A16D7B003A0478 /* PBXTargetDependency */,
			);
			name = dropperUITests;
			productName = dropperUITests;
			productReference = D88D553E29A16D7B003A0478 /* dropperUITests.xctest */;
			productType = "com.apple.product-type.bundle.ui-testing";
		};
/* End PBXNativeTarget section */

/* Begin PBXProject section */
		D88D551329A16D79003A0478 /* Project object */ = {
			isa = PBXProject;
			attributes = {
				BuildIndependentTargetsInParallel = 1;
				LastSwiftUpdateCheck = 1340;
				LastUpgradeCheck = 1340;
				TargetAttributes = {
					D88D551A29A16D79003A0478 = {
						CreatedOnToolsVersion = 13.4.1;
					};
					D88D553329A16D7B003A0478 = {
						CreatedOnToolsVersion = 13.4.1;
						TestTargetID = D88D551A29A16D79003A0478;
					};
					D88D553D29A16D7B003A0478 = {
						CreatedOnToolsVersion = 13.4.1;
						TestTargetID = D88D551A29A16D79003A0478;
					};
				};
			};
			buildConfigurationList = D88D551629A16D79003A0478 /* Build configuration list for PBXProject "dropper" */;
			compatibilityVersion = "Xcode 13.0";
			developmentRegion = en;
			hasScannedForEncodings = 0;
			knownRegions = (
				en,
				Base,
			);
			mainGroup = D88D551229A16D79003A0478;
			productRefGroup = D88D551C29A16D79003A0478 /* Products */;
			projectDirPath = "";
			projectRoot = "";
			targets = (
				D88D551A29A16D79003A0478 /* dropper */,
				D88D553329A16D7B003A0478 /* dropperTests */,
				D88D553D29A16D7B003A0478 /* dropperUITests */,
			);
		};
/* End PBXProject section */

/* Begin PBXResourcesBuildPhase section */
		D88D551929A16D79003A0478 /* Resources */ = {
			isa = PBXResourcesBuildPhase;
			buildActionMask = 2147483647;
			files = (
				D83F62E229BD19B4001120C7 /* GameScene.sks in Resources */,
				D88D552C29A16D7B003A0478 /* Assets.xcassets in Resources */,
				D834302129A48B5900D9C052 /* Podfile in Resources */,
				D88D552F29A16D7B003A0478 /* LaunchScreen.storyboard in Resources */,
			);
			runOnlyForDeploymentPostprocessing = 0;
		};
		D88D553229A16D7B003A0478 /* Resources */ = {
			isa = PBXResourcesBuildPhase;
			buildActionMask = 2147483647;
			files = (
			);
			runOnlyForDeploymentPostprocessing = 0;
		};
		D88D553C29A16D7B003A0478 /* Resources */ = {
			isa = PBXResourcesBuildPhase;
			buildActionMask = 2147483647;
			files = (
			);
			runOnlyForDeploymentPostprocessing = 0;
		};
/* End PBXResourcesBuildPhase section */

/* Begin PBXShellScriptBuildPhase section */
		24F8CE7D6753DD8DDBD28999 /* [CP] Check Pods Manifest.lock */ = {
			isa = PBXShellScriptBuildPhase;
			buildActionMask = 2147483647;
			files = (
			);
			inputFileListPaths = (
			);
			inputPaths = (
				"${PODS_PODFILE_DIR_PATH}/Podfile.lock",
				"${PODS_ROOT}/Manifest.lock",
			);
			name = "[CP] Check Pods Manifest.lock";
			outputFileListPaths = (
			);
			outputPaths = (
				"$(DERIVED_FILE_DIR)/Pods-dropperTests-checkManifestLockResult.txt",
			);
			runOnlyForDeploymentPostprocessing = 0;
			shellPath = /bin/sh;
			shellScript = "diff \"${PODS_PODFILE_DIR_PATH}/Podfile.lock\" \"${PODS_ROOT}/Manifest.lock\" > /dev/null\nif [ $? != 0 ] ; then\n    # print error to STDERR\n    echo \"error: The sandbox is not in sync with the Podfile.lock. Run 'pod install' or update your CocoaPods installation.\" >&2\n    exit 1\nfi\n# This output is used by Xcode 'outputs' to avoid re-running this script phase.\necho \"SUCCESS\" > \"${SCRIPT_OUTPUT_FILE_0}\"\n";
			showEnvVarsInLog = 0;
		};
		8BE7F19149640F3643E4563E /* [CP] Check Pods Manifest.lock */ = {
			isa = PBXShellScriptBuildPhase;
			buildActionMask = 2147483647;
			files = (
			);
			inputFileListPaths = (
			);
			inputPaths = (
				"${PODS_PODFILE_DIR_PATH}/Podfile.lock",
				"${PODS_ROOT}/Manifest.lock",
			);
			name = "[CP] Check Pods Manifest.lock";
			outputFileListPaths = (
			);
			outputPaths = (
				"$(DERIVED_FILE_DIR)/Pods-dropper-checkManifestLockResult.txt",
			);
			runOnlyForDeploymentPostprocessing = 0;
			shellPath = /bin/sh;
			shellScript = "diff \"${PODS_PODFILE_DIR_PATH}/Podfile.lock\" \"${PODS_ROOT}/Manifest.lock\" > /dev/null\nif [ $? != 0 ] ; then\n    # print error to STDERR\n    echo \"error: The sandbox is not in sync with the Podfile.lock. Run 'pod install' or update your CocoaPods installation.\" >&2\n    exit 1\nfi\n# This output is used by Xcode 'outputs' to avoid re-running this script phase.\necho \"SUCCESS\" > \"${SCRIPT_OUTPUT_FILE_0}\"\n";
			showEnvVarsInLog = 0;
		};
		EDDFD97D185450DE56207B06 /* [CP] Embed Pods Frameworks */ = {
			isa = PBXShellScriptBuildPhase;
			buildActionMask = 2147483647;
			files = (
			);
			inputFileListPaths = (
				"${PODS_ROOT}/Target Support Files/Pods-dropper/Pods-dropper-frameworks-${CONFIGURATION}-input-files.xcfilelist",
			);
			name = "[CP] Embed Pods Frameworks";
			outputFileListPaths = (
				"${PODS_ROOT}/Target Support Files/Pods-dropper/Pods-dropper-frameworks-${CONFIGURATION}-output-files.xcfilelist",
			);
			runOnlyForDeploymentPostprocessing = 0;
			shellPath = /bin/sh;
			shellScript = "\"${PODS_ROOT}/Target Support Files/Pods-dropper/Pods-dropper-frameworks.sh\"\n";
			showEnvVarsInLog = 0;
		};
/* End PBXShellScriptBuildPhase section */

/* Begin PBXSourcesBuildPhase section */
		D88D551729A16D79003A0478 /* Sources */ = {
			isa = PBXSourcesBuildPhase;
			buildActionMask = 2147483647;
			files = (
				D8FDAE2B29A48D88007AA40B /* GameInteractor.swift in Sources */,
				D834301E29A481B600D9C052 /* ScreenPosition.swift in Sources */,
				D8FDAE2C29A48D88007AA40B /* GameModuleApi.swift in Sources */,
				D8036E4329A218F80081CF41 /* BlockGrid.swift in Sources */,
				D869176429ABE928008C60F0 /* GridEffects.swift in Sources */,
				D8036E3D29A199EA0081CF41 /* Button.swift in Sources */,
				D869176B29B48183008C60F0 /* ShapeNode.swift in Sources */,
				D869177329B80BF7008C60F0 /* ScoreNode.swift in Sources */,
				D83F630629C0E9B2001120C7 /* SKNodeExtension.swift in Sources */,
				D8036E4129A218090081CF41 /* Block.swift in Sources */,
				D83F62E629BDA3D3001120C7 /* Achievement.swift in Sources */,
				D83F62E829BDBF35001120C7 /* Level.swift in Sources */,
				D88D552529A16D79003A0478 /* GameScene.swift in Sources */,
				D83F62F729BFB5BD001120C7 /* ProgressNode.swift in Sources */,
				D869175529A7F259008C60F0 /* UIColorExtension.swift in Sources */,
				D88D555729A174CE003A0478 /* BlockNode.swift in Sources */,
				D83F62E029BC5FC7001120C7 /* SKLabelNodeExtension.swift in Sources */,
				D869177129B6B612008C60F0 /* DropIntoEmptyRowsEffect.swift in Sources */,
				D83F62F329BEBB82001120C7 /* EffectsRunner.swift in Sources */,
				D83F62EF29BE4C39001120C7 /* Game.swift in Sources */,
				D8FDAE2829A48D88007AA40B /* GameView.swift in Sources */,
				D869176029AB1215008C60F0 /* DropBlocksEffect.swift in Sources */,
				D83F630129C032BA001120C7 /* HomeModuleApi.swift in Sources */,
				D83F630029C032BA001120C7 /* HomeRouter.swift in Sources */,
				D83F62EB29BDC24F001120C7 /* LevelService.swift in Sources */,
				D8036E3B29A18F830081CF41 /* Ground.swift in Sources */,
				D8FDAE2929A48D88007AA40B /* GamePresenter.swift in Sources */,
				D869176F29B6B416008C60F0 /* RemoveRowsEffect.swift in Sources */,
				D83F630329C032BA001120C7 /* HomeView.swift in Sources */,
				D834301B29A47B4A00D9C052 /* BlockGridDelegate.swift in Sources */,
				D8FDAE2A29A48D88007AA40B /* GameDisplayData.swift in Sources */,
				D869175C29A9C373008C60F0 /* RemoveMatchedBlocksEffect.swift in Sources */,
				D869175929A97685008C60F0 /* PlayerNode.swift in Sources */,
				D88D552729A16D79003A0478 /* GameViewController.swift in Sources */,
				D80B0A7B29A2932D00E7B43A /* BlockResult.swift in Sources */,
				D8FDAE2D29A48D88007AA40B /* GameRouter.swift in Sources */,
				D869176D29B528D8008C60F0 /* Shape.swift in Sources */,
				D8FDAE3029A48DC9007AA40B /* AppModules.swift in Sources */,
				D88D551F29A16D79003A0478 /* AppDelegate.swift in Sources */,
				D83F62FE29C032BA001120C7 /* HomeDisplayData.swift in Sources */,
				D869176829B2BFA2008C60F0 /* GridRange.swift in Sources */,
				D83F62DE29BC4AEE001120C7 /* MKOutlinedLabelNode.swift in Sources */,
				D83F62FF29C032BA001120C7 /* HomePresenter.swift in Sources */,
				D83F62DA29BB1FFC001120C7 /* Cloud.swift in Sources */,
				D83F62E429BDA2C6001120C7 /* EffectResult.swift in Sources */,
				D83F630229C032BA001120C7 /* HomeInteractor.swift in Sources */,
				D8036E4529A21AFA0081CF41 /* GridReference.swift in Sources */,
				D83F62D829BAC16C001120C7 /* UIImageExtension.swift in Sources */,
			);
			runOnlyForDeploymentPostprocessing = 0;
		};
		D88D553029A16D7B003A0478 /* Sources */ = {
			isa = PBXSourcesBuildPhase;
			buildActionMask = 2147483647;
			files = (
				D869175E29A9F196008C60F0 /* RemoveMatchedBlocksEffectTests.swift in Sources */,
				D869176229AB1DF9008C60F0 /* DropBlocksEffectTests.swift in Sources */,
				D83F62F529BEDAE7001120C7 /* EffectsRunnerTests.swift in Sources */,
				D83F630829C1A039001120C7 /* AutoPositionTests.swift in Sources */,
				D83F62ED29BE4841001120C7 /* AchievementsTests.swift in Sources */,
				D83F62F129BEA4A5001120C7 /* RemoveRowsEffectTests.swift in Sources */,
				D8036E4729A221650081CF41 /* BlockTests.swift in Sources */,
				D8036E4929A225010081CF41 /* BlockGridTests.swift in Sources */,
			);
			runOnlyForDeploymentPostprocessing = 0;
		};
		D88D553A29A16D7B003A0478 /* Sources */ = {
			isa = PBXSourcesBuildPhase;
			buildActionMask = 2147483647;
			files = (
				D88D554329A16D7B003A0478 /* dropperUITests.swift in Sources */,
				D88D554529A16D7B003A0478 /* dropperUITestsLaunchTests.swift in Sources */,
			);
			runOnlyForDeploymentPostprocessing = 0;
		};
/* End PBXSourcesBuildPhase section */

/* Begin PBXTargetDependency section */
		D88D553629A16D7B003A0478 /* PBXTargetDependency */ = {
			isa = PBXTargetDependency;
			target = D88D551A29A16D79003A0478 /* dropper */;
			targetProxy = D88D553529A16D7B003A0478 /* PBXContainerItemProxy */;
		};
		D88D554029A16D7B003A0478 /* PBXTargetDependency */ = {
			isa = PBXTargetDependency;
			target = D88D551A29A16D79003A0478 /* dropper */;
			targetProxy = D88D553F29A16D7B003A0478 /* PBXContainerItemProxy */;
		};
/* End PBXTargetDependency section */

/* Begin PBXVariantGroup section */
		D88D552D29A16D7B003A0478 /* LaunchScreen.storyboard */ = {
			isa = PBXVariantGroup;
			children = (
				D88D552E29A16D7B003A0478 /* Base */,
			);
			name = LaunchScreen.storyboard;
			sourceTree = "<group>";
		};
/* End PBXVariantGroup section */

/* Begin XCBuildConfiguration section */
		D88D554629A16D7B003A0478 /* Debug */ = {
			isa = XCBuildConfiguration;
			buildSettings = {
				ALWAYS_SEARCH_USER_PATHS = NO;
				CLANG_ANALYZER_NONNULL = YES;
				CLANG_ANALYZER_NUMBER_OBJECT_CONVERSION = YES_AGGRESSIVE;
				CLANG_CXX_LANGUAGE_STANDARD = "gnu++17";
				CLANG_ENABLE_MODULES = YES;
				CLANG_ENABLE_OBJC_ARC = YES;
				CLANG_ENABLE_OBJC_WEAK = YES;
				CLANG_WARN_BLOCK_CAPTURE_AUTORELEASING = YES;
				CLANG_WARN_BOOL_CONVERSION = YES;
				CLANG_WARN_COMMA = YES;
				CLANG_WARN_CONSTANT_CONVERSION = YES;
				CLANG_WARN_DEPRECATED_OBJC_IMPLEMENTATIONS = YES;
				CLANG_WARN_DIRECT_OBJC_ISA_USAGE = YES_ERROR;
				CLANG_WARN_DOCUMENTATION_COMMENTS = YES;
				CLANG_WARN_EMPTY_BODY = YES;
				CLANG_WARN_ENUM_CONVERSION = YES;
				CLANG_WARN_INFINITE_RECURSION = YES;
				CLANG_WARN_INT_CONVERSION = YES;
				CLANG_WARN_NON_LITERAL_NULL_CONVERSION = YES;
				CLANG_WARN_OBJC_IMPLICIT_RETAIN_SELF = YES;
				CLANG_WARN_OBJC_LITERAL_CONVERSION = YES;
				CLANG_WARN_OBJC_ROOT_CLASS = YES_ERROR;
				CLANG_WARN_QUOTED_INCLUDE_IN_FRAMEWORK_HEADER = YES;
				CLANG_WARN_RANGE_LOOP_ANALYSIS = YES;
				CLANG_WARN_STRICT_PROTOTYPES = YES;
				CLANG_WARN_SUSPICIOUS_MOVE = YES;
				CLANG_WARN_UNGUARDED_AVAILABILITY = YES_AGGRESSIVE;
				CLANG_WARN_UNREACHABLE_CODE = YES;
				CLANG_WARN__DUPLICATE_METHOD_MATCH = YES;
				COPY_PHASE_STRIP = NO;
				DEBUG_INFORMATION_FORMAT = dwarf;
				ENABLE_STRICT_OBJC_MSGSEND = YES;
				ENABLE_TESTABILITY = YES;
				GCC_C_LANGUAGE_STANDARD = gnu11;
				GCC_DYNAMIC_NO_PIC = NO;
				GCC_NO_COMMON_BLOCKS = YES;
				GCC_OPTIMIZATION_LEVEL = 0;
				GCC_PREPROCESSOR_DEFINITIONS = (
					"DEBUG=1",
					"$(inherited)",
				);
				GCC_WARN_64_TO_32_BIT_CONVERSION = YES;
				GCC_WARN_ABOUT_RETURN_TYPE = YES_ERROR;
				GCC_WARN_UNDECLARED_SELECTOR = YES;
				GCC_WARN_UNINITIALIZED_AUTOS = YES_AGGRESSIVE;
				GCC_WARN_UNUSED_FUNCTION = YES;
				GCC_WARN_UNUSED_VARIABLE = YES;
				IPHONEOS_DEPLOYMENT_TARGET = 15.5;
				MTL_ENABLE_DEBUG_INFO = INCLUDE_SOURCE;
				MTL_FAST_MATH = YES;
				ONLY_ACTIVE_ARCH = YES;
				SDKROOT = iphoneos;
				SWIFT_ACTIVE_COMPILATION_CONDITIONS = DEBUG;
				SWIFT_OPTIMIZATION_LEVEL = "-Onone";
			};
			name = Debug;
		};
		D88D554729A16D7B003A0478 /* Release */ = {
			isa = XCBuildConfiguration;
			buildSettings = {
				ALWAYS_SEARCH_USER_PATHS = NO;
				CLANG_ANALYZER_NONNULL = YES;
				CLANG_ANALYZER_NUMBER_OBJECT_CONVERSION = YES_AGGRESSIVE;
				CLANG_CXX_LANGUAGE_STANDARD = "gnu++17";
				CLANG_ENABLE_MODULES = YES;
				CLANG_ENABLE_OBJC_ARC = YES;
				CLANG_ENABLE_OBJC_WEAK = YES;
				CLANG_WARN_BLOCK_CAPTURE_AUTORELEASING = YES;
				CLANG_WARN_BOOL_CONVERSION = YES;
				CLANG_WARN_COMMA = YES;
				CLANG_WARN_CONSTANT_CONVERSION = YES;
				CLANG_WARN_DEPRECATED_OBJC_IMPLEMENTATIONS = YES;
				CLANG_WARN_DIRECT_OBJC_ISA_USAGE = YES_ERROR;
				CLANG_WARN_DOCUMENTATION_COMMENTS = YES;
				CLANG_WARN_EMPTY_BODY = YES;
				CLANG_WARN_ENUM_CONVERSION = YES;
				CLANG_WARN_INFINITE_RECURSION = YES;
				CLANG_WARN_INT_CONVERSION = YES;
				CLANG_WARN_NON_LITERAL_NULL_CONVERSION = YES;
				CLANG_WARN_OBJC_IMPLICIT_RETAIN_SELF = YES;
				CLANG_WARN_OBJC_LITERAL_CONVERSION = YES;
				CLANG_WARN_OBJC_ROOT_CLASS = YES_ERROR;
				CLANG_WARN_QUOTED_INCLUDE_IN_FRAMEWORK_HEADER = YES;
				CLANG_WARN_RANGE_LOOP_ANALYSIS = YES;
				CLANG_WARN_STRICT_PROTOTYPES = YES;
				CLANG_WARN_SUSPICIOUS_MOVE = YES;
				CLANG_WARN_UNGUARDED_AVAILABILITY = YES_AGGRESSIVE;
				CLANG_WARN_UNREACHABLE_CODE = YES;
				CLANG_WARN__DUPLICATE_METHOD_MATCH = YES;
				COPY_PHASE_STRIP = NO;
				DEBUG_INFORMATION_FORMAT = "dwarf-with-dsym";
				ENABLE_NS_ASSERTIONS = NO;
				ENABLE_STRICT_OBJC_MSGSEND = YES;
				GCC_C_LANGUAGE_STANDARD = gnu11;
				GCC_NO_COMMON_BLOCKS = YES;
				GCC_WARN_64_TO_32_BIT_CONVERSION = YES;
				GCC_WARN_ABOUT_RETURN_TYPE = YES_ERROR;
				GCC_WARN_UNDECLARED_SELECTOR = YES;
				GCC_WARN_UNINITIALIZED_AUTOS = YES_AGGRESSIVE;
				GCC_WARN_UNUSED_FUNCTION = YES;
				GCC_WARN_UNUSED_VARIABLE = YES;
				IPHONEOS_DEPLOYMENT_TARGET = 15.5;
				MTL_ENABLE_DEBUG_INFO = NO;
				MTL_FAST_MATH = YES;
				SDKROOT = iphoneos;
				SWIFT_COMPILATION_MODE = wholemodule;
				SWIFT_OPTIMIZATION_LEVEL = "-O";
				VALIDATE_PRODUCT = YES;
			};
			name = Release;
		};
		D88D554929A16D7B003A0478 /* Debug */ = {
			isa = XCBuildConfiguration;
			baseConfigurationReference = D68427ABB23B349268D78A01 /* Pods-dropper.debug.xcconfig */;
			buildSettings = {
				ASSETCATALOG_COMPILER_APPICON_NAME = AppIcon;
				ASSETCATALOG_COMPILER_GLOBAL_ACCENT_COLOR_NAME = AccentColor;
				CODE_SIGN_STYLE = Automatic;
				CURRENT_PROJECT_VERSION = 1;
				DEVELOPMENT_TEAM = 2DTZ6ESMX9;
				GENERATE_INFOPLIST_FILE = YES;
				INFOPLIST_KEY_UIApplicationSupportsIndirectInputEvents = YES;
				INFOPLIST_KEY_UILaunchStoryboardName = LaunchScreen;
				INFOPLIST_KEY_UIStatusBarHidden = YES;
				INFOPLIST_KEY_UISupportedInterfaceOrientations = UIInterfaceOrientationPortrait;
				INFOPLIST_KEY_UISupportedInterfaceOrientations_iPad = "UIInterfaceOrientationPortrait UIInterfaceOrientationPortraitUpsideDown UIInterfaceOrientationLandscapeLeft UIInterfaceOrientationLandscapeRight";
				INFOPLIST_KEY_UISupportedInterfaceOrientations_iPhone = "UIInterfaceOrientationPortrait UIInterfaceOrientationLandscapeLeft UIInterfaceOrientationLandscapeRight";
				LD_RUNPATH_SEARCH_PATHS = (
					"$(inherited)",
					"@executable_path/Frameworks",
				);
				MARKETING_VERSION = 1.0;
				PRODUCT_BUNDLE_IDENTIFIER = andrewtokeley.dropper;
				PRODUCT_NAME = "$(TARGET_NAME)";
				SWIFT_EMIT_LOC_STRINGS = YES;
				SWIFT_VERSION = 5.0;
				TARGETED_DEVICE_FAMILY = 1;
			};
			name = Debug;
		};
		D88D554A29A16D7B003A0478 /* Release */ = {
			isa = XCBuildConfiguration;
			baseConfigurationReference = 61601AFF1AA7F4FD91C50AC6 /* Pods-dropper.release.xcconfig */;
			buildSettings = {
				ASSETCATALOG_COMPILER_APPICON_NAME = AppIcon;
				ASSETCATALOG_COMPILER_GLOBAL_ACCENT_COLOR_NAME = AccentColor;
				CODE_SIGN_STYLE = Automatic;
				CURRENT_PROJECT_VERSION = 1;
				DEVELOPMENT_TEAM = 2DTZ6ESMX9;
				GENERATE_INFOPLIST_FILE = YES;
				INFOPLIST_KEY_UIApplicationSupportsIndirectInputEvents = YES;
				INFOPLIST_KEY_UILaunchStoryboardName = LaunchScreen;
				INFOPLIST_KEY_UIStatusBarHidden = YES;
				INFOPLIST_KEY_UISupportedInterfaceOrientations = UIInterfaceOrientationPortrait;
				INFOPLIST_KEY_UISupportedInterfaceOrientations_iPad = "UIInterfaceOrientationPortrait UIInterfaceOrientationPortraitUpsideDown UIInterfaceOrientationLandscapeLeft UIInterfaceOrientationLandscapeRight";
				INFOPLIST_KEY_UISupportedInterfaceOrientations_iPhone = "UIInterfaceOrientationPortrait UIInterfaceOrientationLandscapeLeft UIInterfaceOrientationLandscapeRight";
				LD_RUNPATH_SEARCH_PATHS = (
					"$(inherited)",
					"@executable_path/Frameworks",
				);
				MARKETING_VERSION = 1.0;
				PRODUCT_BUNDLE_IDENTIFIER = andrewtokeley.dropper;
				PRODUCT_NAME = "$(TARGET_NAME)";
				SWIFT_EMIT_LOC_STRINGS = YES;
				SWIFT_VERSION = 5.0;
				TARGETED_DEVICE_FAMILY = 1;
			};
			name = Release;
		};
		D88D554C29A16D7B003A0478 /* Debug */ = {
			isa = XCBuildConfiguration;
			baseConfigurationReference = 9F9BF3DC8DF3DAE9E9AD06EA /* Pods-dropperTests.debug.xcconfig */;
			buildSettings = {
				ALWAYS_EMBED_SWIFT_STANDARD_LIBRARIES = YES;
				BUNDLE_LOADER = "$(TEST_HOST)";
				CODE_SIGN_STYLE = Automatic;
				CURRENT_PROJECT_VERSION = 1;
				DEVELOPMENT_TEAM = 2DTZ6ESMX9;
				GENERATE_INFOPLIST_FILE = YES;
				IPHONEOS_DEPLOYMENT_TARGET = 15.5;
				MARKETING_VERSION = 1.0;
				PRODUCT_BUNDLE_IDENTIFIER = andrewtokeley.dropperTests;
				PRODUCT_NAME = "$(TARGET_NAME)";
				SWIFT_EMIT_LOC_STRINGS = NO;
				SWIFT_VERSION = 5.0;
				TARGETED_DEVICE_FAMILY = "1,2";
				TEST_HOST = "$(BUILT_PRODUCTS_DIR)/dropper.app/dropper";
			};
			name = Debug;
		};
		D88D554D29A16D7B003A0478 /* Release */ = {
			isa = XCBuildConfiguration;
			baseConfigurationReference = 34D5EDDAD6971CE46AE74606 /* Pods-dropperTests.release.xcconfig */;
			buildSettings = {
				ALWAYS_EMBED_SWIFT_STANDARD_LIBRARIES = YES;
				BUNDLE_LOADER = "$(TEST_HOST)";
				CODE_SIGN_STYLE = Automatic;
				CURRENT_PROJECT_VERSION = 1;
				DEVELOPMENT_TEAM = 2DTZ6ESMX9;
				GENERATE_INFOPLIST_FILE = YES;
				IPHONEOS_DEPLOYMENT_TARGET = 15.5;
				MARKETING_VERSION = 1.0;
				PRODUCT_BUNDLE_IDENTIFIER = andrewtokeley.dropperTests;
				PRODUCT_NAME = "$(TARGET_NAME)";
				SWIFT_EMIT_LOC_STRINGS = NO;
				SWIFT_VERSION = 5.0;
				TARGETED_DEVICE_FAMILY = "1,2";
				TEST_HOST = "$(BUILT_PRODUCTS_DIR)/dropper.app/dropper";
			};
			name = Release;
		};
		D88D554F29A16D7B003A0478 /* Debug */ = {
			isa = XCBuildConfiguration;
			buildSettings = {
				ALWAYS_EMBED_SWIFT_STANDARD_LIBRARIES = YES;
				CODE_SIGN_STYLE = Automatic;
				CURRENT_PROJECT_VERSION = 1;
				DEVELOPMENT_TEAM = 2DTZ6ESMX9;
				GENERATE_INFOPLIST_FILE = YES;
				MARKETING_VERSION = 1.0;
				PRODUCT_BUNDLE_IDENTIFIER = andrewtokeley.dropperUITests;
				PRODUCT_NAME = "$(TARGET_NAME)";
				SWIFT_EMIT_LOC_STRINGS = NO;
				SWIFT_VERSION = 5.0;
				TARGETED_DEVICE_FAMILY = "1,2";
				TEST_TARGET_NAME = dropper;
			};
			name = Debug;
		};
		D88D555029A16D7B003A0478 /* Release */ = {
			isa = XCBuildConfiguration;
			buildSettings = {
				ALWAYS_EMBED_SWIFT_STANDARD_LIBRARIES = YES;
				CODE_SIGN_STYLE = Automatic;
				CURRENT_PROJECT_VERSION = 1;
				DEVELOPMENT_TEAM = 2DTZ6ESMX9;
				GENERATE_INFOPLIST_FILE = YES;
				MARKETING_VERSION = 1.0;
				PRODUCT_BUNDLE_IDENTIFIER = andrewtokeley.dropperUITests;
				PRODUCT_NAME = "$(TARGET_NAME)";
				SWIFT_EMIT_LOC_STRINGS = NO;
				SWIFT_VERSION = 5.0;
				TARGETED_DEVICE_FAMILY = "1,2";
				TEST_TARGET_NAME = dropper;
			};
			name = Release;
		};
/* End XCBuildConfiguration section */

/* Begin XCConfigurationList section */
		D88D551629A16D79003A0478 /* Build configuration list for PBXProject "dropper" */ = {
			isa = XCConfigurationList;
			buildConfigurations = (
				D88D554629A16D7B003A0478 /* Debug */,
				D88D554729A16D7B003A0478 /* Release */,
			);
			defaultConfigurationIsVisible = 0;
			defaultConfigurationName = Release;
		};
		D88D554829A16D7B003A0478 /* Build configuration list for PBXNativeTarget "dropper" */ = {
			isa = XCConfigurationList;
			buildConfigurations = (
				D88D554929A16D7B003A0478 /* Debug */,
				D88D554A29A16D7B003A0478 /* Release */,
			);
			defaultConfigurationIsVisible = 0;
			defaultConfigurationName = Release;
		};
		D88D554B29A16D7B003A0478 /* Build configuration list for PBXNativeTarget "dropperTests" */ = {
			isa = XCConfigurationList;
			buildConfigurations = (
				D88D554C29A16D7B003A0478 /* Debug */,
				D88D554D29A16D7B003A0478 /* Release */,
			);
			defaultConfigurationIsVisible = 0;
			defaultConfigurationName = Release;
		};
		D88D554E29A16D7B003A0478 /* Build configuration list for PBXNativeTarget "dropperUITests" */ = {
			isa = XCConfigurationList;
			buildConfigurations = (
				D88D554F29A16D7B003A0478 /* Debug */,
				D88D555029A16D7B003A0478 /* Release */,
			);
			defaultConfigurationIsVisible = 0;
			defaultConfigurationName = Release;
		};
/* End XCConfigurationList section */
	};
	rootObject = D88D551329A16D79003A0478 /* Project object */;
}
