// !$*UTF8*$!
{
	archiveVersion = 1;
	classes = {
	};
	objectVersion = 55;
	objects = {

/* Begin PBXBuildFile section */
		D88D551F29A16D79003A0478 /* AppDelegate.swift in Sources */ = {isa = PBXBuildFile; fileRef = D88D551E29A16D79003A0478 /* AppDelegate.swift */; };
		D88D552129A16D79003A0478 /* GameScene.sks in Resources */ = {isa = PBXBuildFile; fileRef = D88D552029A16D79003A0478 /* GameScene.sks */; };
		D88D552329A16D79003A0478 /* Actions.sks in Resources */ = {isa = PBXBuildFile; fileRef = D88D552229A16D79003A0478 /* Actions.sks */; };
		D88D552529A16D79003A0478 /* GameScene.swift in Sources */ = {isa = PBXBuildFile; fileRef = D88D552429A16D79003A0478 /* GameScene.swift */; };
		D88D552729A16D79003A0478 /* GameViewController.swift in Sources */ = {isa = PBXBuildFile; fileRef = D88D552629A16D79003A0478 /* GameViewController.swift */; };
		D88D552A29A16D79003A0478 /* Main.storyboard in Resources */ = {isa = PBXBuildFile; fileRef = D88D552829A16D79003A0478 /* Main.storyboard */; };
		D88D552C29A16D7B003A0478 /* Assets.xcassets in Resources */ = {isa = PBXBuildFile; fileRef = D88D552B29A16D7B003A0478 /* Assets.xcassets */; };
		D88D552F29A16D7B003A0478 /* LaunchScreen.storyboard in Resources */ = {isa = PBXBuildFile; fileRef = D88D552D29A16D7B003A0478 /* LaunchScreen.storyboard */; };
		D88D553929A16D7B003A0478 /* dropperTests.swift in Sources */ = {isa = PBXBuildFile; fileRef = D88D553829A16D7B003A0478 /* dropperTests.swift */; };
		D88D554329A16D7B003A0478 /* dropperUITests.swift in Sources */ = {isa = PBXBuildFile; fileRef = D88D554229A16D7B003A0478 /* dropperUITests.swift */; };
		D88D554529A16D7B003A0478 /* dropperUITestsLaunchTests.swift in Sources */ = {isa = PBXBuildFile; fileRef = D88D554429A16D7B003A0478 /* dropperUITestsLaunchTests.swift */; };
/* End PBXBuildFile section */

/* Begin PBXContainerItemProxy section */
		D88D553529A16D7B003A0478 /* PBXContainerItemProxy */ = {
			isa = PBXContainerItemProxy;
			containerPortal = D88D551329A16D79003A0478 /* Project object */;
			proxyType = 1;
			remoteGlobalIDString = D88D551A29A16D79003A0478;
			remoteInfo = dropper;
		};
		D88D553F29A16D7B003A0478 /* PBXContainerItemProxy */ = {
			isa = PBXContainerItemProxy;
			containerPortal = D88D551329A16D79003A0478 /* Project object */;
			proxyType = 1;
			remoteGlobalIDString = D88D551A29A16D79003A0478;
			remoteInfo = dropper;
		};
/* End PBXContainerItemProxy section */

/* Begin PBXFileReference section */
		D88D551B29A16D79003A0478 /* dropper.app */ = {isa = PBXFileReference; explicitFileType = wrapper.application; includeInIndex = 0; path = dropper.app; sourceTree = BUILT_PRODUCTS_DIR; };
		D88D551E29A16D79003A0478 /* AppDelegate.swift */ = {isa = PBXFileReference; lastKnownFileType = sourcecode.swift; path = AppDelegate.swift; sourceTree = "<group>"; };
		D88D552029A16D79003A0478 /* GameScene.sks */ = {isa = PBXFileReference; lastKnownFileType = file.sks; path = GameScene.sks; sourceTree = "<group>"; };
		D88D552229A16D79003A0478 /* Actions.sks */ = {isa = PBXFileReference; lastKnownFileType = file.sks; path = Actions.sks; sourceTree = "<group>"; };
		D88D552429A16D79003A0478 /* GameScene.swift */ = {isa = PBXFileReference; lastKnownFileType = sourcecode.swift; path = GameScene.swift; sourceTree = "<group>"; };
		D88D552629A16D79003A0478 /* GameViewController.swift */ = {isa = PBXFileReference; lastKnownFileType = sourcecode.swift; path = GameViewController.swift; sourceTree = "<group>"; };
		D88D552929A16D79003A0478 /* Base */ = {isa = PBXFileReference; lastKnownFileType = file.storyboard; name = Base; path = Base.lproj/Main.storyboard; sourceTree = "<group>"; };
		D88D552B29A16D7B003A0478 /* Assets.xcassets */ = {isa = PBXFileReference; lastKnownFileType = folder.assetcatalog; path = Assets.xcassets; sourceTree = "<group>"; };
		D88D552E29A16D7B003A0478 /* Base */ = {isa = PBXFileReference; lastKnownFileType = file.storyboard; name = Base; path = Base.lproj/LaunchScreen.storyboard; sourceTree = "<group>"; };
		D88D553429A16D7B003A0478 /* dropperTests.xctest */ = {isa = PBXFileReference; explicitFileType = wrapper.cfbundle; includeInIndex = 0; path = dropperTests.xctest; sourceTree = BUILT_PRODUCTS_DIR; };
		D88D553829A16D7B003A0478 /* dropperTests.swift */ = {isa = PBXFileReference; lastKnownFileType = sourcecode.swift; path = dropperTests.swift; sourceTree = "<group>"; };
		D88D553E29A16D7B003A0478 /* dropperUITests.xctest */ = {isa = PBXFileReference; explicitFileType = wrapper.cfbundle; includeInIndex = 0; path = dropperUITests.xctest; sourceTree = BUILT_PRODUCTS_DIR; };
		D88D554229A16D7B003A0478 /* dropperUITests.swift */ = {isa = PBXFileReference; lastKnownFileType = sourcecode.swift; path = dropperUITests.swift; sourceTree = "<group>"; };
		D88D554429A16D7B003A0478 /* dropperUITestsLaunchTests.swift */ = {isa = PBXFileReference; lastKnownFileType = sourcecode.swift; path = dropperUITestsLaunchTests.swift; sourceTree = "<group>"; };
/* End PBXFileReference section */

/* Begin PBXFrameworksBuildPhase section */
		D88D551829A16D79003A0478 /* Frameworks */ = {
			isa = PBXFrameworksBuildPhase;
			buildActionMask = 2147483647;
			files = (
			);
			runOnlyForDeploymentPostprocessing = 0;
		};
		D88D553129A16D7B003A0478 /* Frameworks */ = {
			isa = PBXFrameworksBuildPhase;
			buildActionMask = 2147483647;
			files = (
			);
			runOnlyForDeploymentPostprocessing = 0;
		};
		D88D553B29A16D7B003A0478 /* Frameworks */ = {
			isa = PBXFrameworksBuildPhase;
			buildActionMask = 2147483647;
			files = (
			);
			runOnlyForDeploymentPostprocessing = 0;
		};
/* End PBXFrameworksBuildPhase section */

/* Begin PBXGroup section */
		D88D551229A16D79003A0478 = {
			isa = PBXGroup;
			children = (
				D88D551D29A16D79003A0478 /* dropper */,
				D88D553729A16D7B003A0478 /* dropperTests */,
				D88D554129A16D7B003A0478 /* dropperUITests */,
				D88D551C29A16D79003A0478 /* Products */,
			);
			sourceTree = "<group>";
		};
		D88D551C29A16D79003A0478 /* Products */ = {
			isa = PBXGroup;
			children = (
				D88D551B29A16D79003A0478 /* dropper.app */,
				D88D553429A16D7B003A0478 /* dropperTests.xctest */,
				D88D553E29A16D7B003A0478 /* dropperUITests.xctest */,
			);
			name = Products;
			sourceTree = "<group>";
		};
		D88D551D29A16D79003A0478 /* dropper */ = {
			isa = PBXGroup;
			children = (
				D88D551E29A16D79003A0478 /* AppDelegate.swift */,
				D88D552029A16D79003A0478 /* GameScene.sks */,
				D88D552229A16D79003A0478 /* Actions.sks */,
				D88D552429A16D79003A0478 /* GameScene.swift */,
				D88D552629A16D79003A0478 /* GameViewController.swift */,
				D88D552829A16D79003A0478 /* Main.storyboard */,
				D88D552B29A16D7B003A0478 /* Assets.xcassets */,
				D88D552D29A16D7B003A0478 /* LaunchScreen.storyboard */,
			);
			path = dropper;
			sourceTree = "<group>";
		};
		D88D553729A16D7B003A0478 /* dropperTests */ = {
			isa = PBXGroup;
			children = (
				D88D553829A16D7B003A0478 /* dropperTests.swift */,
			);
			path = dropperTests;
			sourceTree = "<group>";
		};
		D88D554129A16D7B003A0478 /* dropperUITests */ = {
			isa = PBXGroup;
			children = (
				D88D554229A16D7B003A0478 /* dropperUITests.swift */,
				D88D554429A16D7B003A0478 /* dropperUITestsLaunchTests.swift */,
			);
			path = dropperUITests;
			sourceTree = "<group>";
		};
/* End PBXGroup section */

/* Begin PBXNativeTarget section */
		D88D551A29A16D79003A0478 /* dropper */ = {
			isa = PBXNativeTarget;
			buildConfigurationList = D88D554829A16D7B003A0478 /* Build configuration list for PBXNativeTarget "dropper" */;
			buildPhases = (
				D88D551729A16D79003A0478 /* Sources */,
				D88D551829A16D79003A0478 /* Frameworks */,
				D88D551929A16D79003A0478 /* Resources */,
			);
			buildRules = (
			);
			dependencies = (
			);
			name = dropper;
			productName = dropper;
			productReference = D88D551B29A16D79003A0478 /* dropper.app */;
			productType = "com.apple.product-type.application";
		};
		D88D553329A16D7B003A0478 /* dropperTests */ = {
			isa = PBXNativeTarget;
			buildConfigurationList = D88D554B29A16D7B003A0478 /* Build configuration list for PBXNativeTarget "dropperTests" */;
			buildPhases = (
				D88D553029A16D7B003A0478 /* Sources */,
				D88D553129A16D7B003A0478 /* Frameworks */,
				D88D553229A16D7B003A0478 /* Resources */,
			);
			buildRules = (
			);
			dependencies = (
				D88D553629A16D7B003A0478 /* PBXTargetDependency */,
			);
			name = dropperTests;
			productName = dropperTests;
			productReference = D88D553429A16D7B003A0478 /* dropperTests.xctest */;
			productType = "com.apple.product-type.bundle.unit-test";
		};
		D88D553D29A16D7B003A0478 /* dropperUITests */ = {
			isa = PBXNativeTarget;
			buildConfigurationList = D88D554E29A16D7B003A0478 /* Build configuration list for PBXNativeTarget "dropperUITests" */;
			buildPhases = (
				D88D553A29A16D7B003A0478 /* Sources */,
				D88D553B29A16D7B003A0478 /* Frameworks */,
				D88D553C29A16D7B003A0478 /* Resources */,
			);
			buildRules = (
			);
			dependencies = (
				D88D554029A16D7B003A0478 /* PBXTargetDependency */,
			);
			name = dropperUITests;
			productName = dropperUITests;
			productReference = D88D553E29A16D7B003A0478 /* dropperUITests.xctest */;
			productType = "com.apple.product-type.bundle.ui-testing";
		};
/* End PBXNativeTarget section */

/* Begin PBXProject section */
		D88D551329A16D79003A0478 /* Project object */ = {
			isa = PBXProject;
			attributes = {
				BuildIndependentTargetsInParallel = 1;
				LastSwiftUpdateCheck = 1340;
				LastUpgradeCheck = 1340;
				TargetAttributes = {
					D88D551A29A16D79003A0478 = {
						CreatedOnToolsVersion = 13.4.1;
					};
					D88D553329A16D7B003A0478 = {
						CreatedOnToolsVersion = 13.4.1;
						TestTargetID = D88D551A29A16D79003A0478;
					};
					D88D553D29A16D7B003A0478 = {
						CreatedOnToolsVersion = 13.4.1;
						TestTargetID = D88D551A29A16D79003A0478;
					};
				};
			};
			buildConfigurationList = D88D551629A16D79003A0478 /* Build configuration list for PBXProject "dropper" */;
			compatibilityVersion = "Xcode 13.0";
			developmentRegion = en;
			hasScannedForEncodings = 0;
			knownRegions = (
				en,
				Base,
			);
			mainGroup = D88D551229A16D79003A0478;
			productRefGroup = D88D551C29A16D79003A0478 /* Products */;
			projectDirPath = "";
			projectRoot = "";
			targets = (
				D88D551A29A16D79003A0478 /* dropper */,
				D88D553329A16D7B003A0478 /* dropperTests */,
				D88D553D29A16D7B003A0478 /* dropperUITests */,
			);
		};
/* End PBXProject section */

/* Begin PBXResourcesBuildPhase section */
		D88D551929A16D79003A0478 /* Resources */ = {
			isa = PBXResourcesBuildPhase;
			buildActionMask = 2147483647;
			files = (
				D88D552A29A16D79003A0478 /* Main.storyboard in Resources */,
				D88D552129A16D79003A0478 /* GameScene.sks in Resources */,
				D88D552C29A16D7B003A0478 /* Assets.xcassets in Resources */,
				D88D552F29A16D7B003A0478 /* LaunchScreen.storyboard in Resources */,
				D88D552329A16D79003A0478 /* Actions.sks in Resources */,
			);
			runOnlyForDeploymentPostprocessing = 0;
		};
		D88D553229A16D7B003A0478 /* Resources */ = {
			isa = PBXResourcesBuildPhase;
			buildActionMask = 2147483647;
			files = (
			);
			runOnlyForDeploymentPostprocessing = 0;
		};
		D88D553C29A16D7B003A0478 /* Resources */ = {
			isa = PBXResourcesBuildPhase;
			buildActionMask = 2147483647;
			files = (
			);
			runOnlyForDeploymentPostprocessing = 0;
		};
/* End PBXResourcesBuildPhase section */

/* Begin PBXSourcesBuildPhase section */
		D88D551729A16D79003A0478 /* Sources */ = {
			isa = PBXSourcesBuildPhase;
			buildActionMask = 2147483647;
			files = (
				D88D552529A16D79003A0478 /* GameScene.swift in Sources */,
				D88D552729A16D79003A0478 /* GameViewController.swift in Sources */,
				D88D551F29A16D79003A0478 /* AppDelegate.swift in Sources */,
			);
			runOnlyForDeploymentPostprocessing = 0;
		};
		D88D553029A16D7B003A0478 /* Sources */ = {
			isa = PBXSourcesBuildPhase;
			buildActionMask = 2147483647;
			files = (
				D88D553929A16D7B003A0478 /* dropperTests.swift in Sources */,
			);
			runOnlyForDeploymentPostprocessing = 0;
		};
		D88D553A29A16D7B003A0478 /* Sources */ = {
			isa = PBXSourcesBuildPhase;
			buildActionMask = 2147483647;
			files = (
				D88D554329A16D7B003A0478 /* dropperUITests.swift in Sources */,
				D88D554529A16D7B003A0478 /* dropperUITestsLaunchTests.swift in Sources */,
			);
			runOnlyForDeploymentPostprocessing = 0;
		};
/* End PBXSourcesBuildPhase section */

/* Begin PBXTargetDependency section */
		D88D553629A16D7B003A0478 /* PBXTargetDependency */ = {
			isa = PBXTargetDependency;
			target = D88D551A29A16D79003A0478 /* dropper */;
			targetProxy = D88D553529A16D7B003A0478 /* PBXContainerItemProxy */;
		};
		D88D554029A16D7B003A0478 /* PBXTargetDependency */ = {
			isa = PBXTargetDependency;
			target = D88D551A29A16D79003A0478 /* dropper */;
			targetProxy = D88D553F29A16D7B003A0478 /* PBXContainerItemProxy */;
		};
/* End PBXTargetDependency section */

/* Begin PBXVariantGroup section */
		D88D552829A16D79003A0478 /* Main.storyboard */ = {
			isa = PBXVariantGroup;
			children = (
				D88D552929A16D79003A0478 /* Base */,
			);
			name = Main.storyboard;
			sourceTree = "<group>";
		};
		D88D552D29A16D7B003A0478 /* LaunchScreen.storyboard */ = {
			isa = PBXVariantGroup;
			children = (
				D88D552E29A16D7B003A0478 /* Base */,
			);
			name = LaunchScreen.storyboard;
			sourceTree = "<group>";
		};
/* End PBXVariantGroup section */

/* Begin XCBuildConfiguration section */
		D88D554629A16D7B003A0478 /* Debug */ = {
			isa = XCBuildConfiguration;
			buildSettings = {
				ALWAYS_SEARCH_USER_PATHS = NO;
				CLANG_ANALYZER_NONNULL = YES;
				CLANG_ANALYZER_NUMBER_OBJECT_CONVERSION = YES_AGGRESSIVE;
				CLANG_CXX_LANGUAGE_STANDARD = "gnu++17";
				CLANG_ENABLE_MODULES = YES;
				CLANG_ENABLE_OBJC_ARC = YES;
				CLANG_ENABLE_OBJC_WEAK = YES;
				CLANG_WARN_BLOCK_CAPTURE_AUTORELEASING = YES;
				CLANG_WARN_BOOL_CONVERSION = YES;
				CLANG_WARN_COMMA = YES;
				CLANG_WARN_CONSTANT_CONVERSION = YES;
				CLANG_WARN_DEPRECATED_OBJC_IMPLEMENTATIONS = YES;
				CLANG_WARN_DIRECT_OBJC_ISA_USAGE = YES_ERROR;
				CLANG_WARN_DOCUMENTATION_COMMENTS = YES;
				CLANG_WARN_EMPTY_BODY = YES;
				CLANG_WARN_ENUM_CONVERSION = YES;
				CLANG_WARN_INFINITE_RECURSION = YES;
				CLANG_WARN_INT_CONVERSION = YES;
				CLANG_WARN_NON_LITERAL_NULL_CONVERSION = YES;
				CLANG_WARN_OBJC_IMPLICIT_RETAIN_SELF = YES;
				CLANG_WARN_OBJC_LITERAL_CONVERSION = YES;
				CLANG_WARN_OBJC_ROOT_CLASS = YES_ERROR;
				CLANG_WARN_QUOTED_INCLUDE_IN_FRAMEWORK_HEADER = YES;
				CLANG_WARN_RANGE_LOOP_ANALYSIS = YES;
				CLANG_WARN_STRICT_PROTOTYPES = YES;
				CLANG_WARN_SUSPICIOUS_MOVE = YES;
				CLANG_WARN_UNGUARDED_AVAILABILITY = YES_AGGRESSIVE;
				CLANG_WARN_UNREACHABLE_CODE = YES;
				CLANG_WARN__DUPLICATE_METHOD_MATCH = YES;
				COPY_PHASE_STRIP = NO;
				DEBUG_INFORMATION_FORMAT = dwarf;
				ENABLE_STRICT_OBJC_MSGSEND = YES;
				ENABLE_TESTABILITY = YES;
				GCC_C_LANGUAGE_STANDARD = gnu11;
				GCC_DYNAMIC_NO_PIC = NO;
				GCC_NO_COMMON_BLOCKS = YES;
				GCC_OPTIMIZATION_LEVEL = 0;
				GCC_PREPROCESSOR_DEFINITIONS = (
					"DEBUG=1",
					"$(inherited)",
				);
				GCC_WARN_64_TO_32_BIT_CONVERSION = YES;
				GCC_WARN_ABOUT_RETURN_TYPE = YES_ERROR;
				GCC_WARN_UNDECLARED_SELECTOR = YES;
				GCC_WARN_UNINITIALIZED_AUTOS = YES_AGGRESSIVE;
				GCC_WARN_UNUSED_FUNCTION = YES;
				GCC_WARN_UNUSED_VARIABLE = YES;
				IPHONEOS_DEPLOYMENT_TARGET = 15.5;
				MTL_ENABLE_DEBUG_INFO = INCLUDE_SOURCE;
				MTL_FAST_MATH = YES;
				ONLY_ACTIVE_ARCH = YES;
				SDKROOT = iphoneos;
				SWIFT_ACTIVE_COMPILATION_CONDITIONS = DEBUG;
				SWIFT_OPTIMIZATION_LEVEL = "-Onone";
			};
			name = Debug;
		};
		D88D554729A16D7B003A0478 /* Release */ = {
			isa = XCBuildConfiguration;
			buildSettings = {
				ALWAYS_SEARCH_USER_PATHS = NO;
				CLANG_ANALYZER_NONNULL = YES;
				CLANG_ANALYZER_NUMBER_OBJECT_CONVERSION = YES_AGGRESSIVE;
				CLANG_CXX_LANGUAGE_STANDARD = "gnu++17";
				CLANG_ENABLE_MODULES = YES;
				CLANG_ENABLE_OBJC_ARC = YES;
				CLANG_ENABLE_OBJC_WEAK = YES;
				CLANG_WARN_BLOCK_CAPTURE_AUTORELEASING = YES;
				CLANG_WARN_BOOL_CONVERSION = YES;
				CLANG_WARN_COMMA = YES;
				CLANG_WARN_CONSTANT_CONVERSION = YES;
				CLANG_WARN_DEPRECATED_OBJC_IMPLEMENTATIONS = YES;
				CLANG_WARN_DIRECT_OBJC_ISA_USAGE = YES_ERROR;
				CLANG_WARN_DOCUMENTATION_COMMENTS = YES;
				CLANG_WARN_EMPTY_BODY = YES;
				CLANG_WARN_ENUM_CONVERSION = YES;
				CLANG_WARN_INFINITE_RECURSION = YES;
				CLANG_WARN_INT_CONVERSION = YES;
				CLANG_WARN_NON_LITERAL_NULL_CONVERSION = YES;
				CLANG_WARN_OBJC_IMPLICIT_RETAIN_SELF = YES;
				CLANG_WARN_OBJC_LITERAL_CONVERSION = YES;
				CLANG_WARN_OBJC_ROOT_CLASS = YES_ERROR;
				CLANG_WARN_QUOTED_INCLUDE_IN_FRAMEWORK_HEADER = YES;
				CLANG_WARN_RANGE_LOOP_ANALYSIS = YES;
				CLANG_WARN_STRICT_PROTOTYPES = YES;
				CLANG_WARN_SUSPICIOUS_MOVE = YES;
				CLANG_WARN_UNGUARDED_AVAILABILITY = YES_AGGRESSIVE;
				CLANG_WARN_UNREACHABLE_CODE = YES;
				CLANG_WARN__DUPLICATE_METHOD_MATCH = YES;
				COPY_PHASE_STRIP = NO;
				DEBUG_INFORMATION_FORMAT = "dwarf-with-dsym";
				ENABLE_NS_ASSERTIONS = NO;
				ENABLE_STRICT_OBJC_MSGSEND = YES;
				GCC_C_LANGUAGE_STANDARD = gnu11;
				GCC_NO_COMMON_BLOCKS = YES;
				GCC_WARN_64_TO_32_BIT_CONVERSION = YES;
				GCC_WARN_ABOUT_RETURN_TYPE = YES_ERROR;
				GCC_WARN_UNDECLARED_SELECTOR = YES;
				GCC_WARN_UNINITIALIZED_AUTOS = YES_AGGRESSIVE;
				GCC_WARN_UNUSED_FUNCTION = YES;
				GCC_WARN_UNUSED_VARIABLE = YES;
				IPHONEOS_DEPLOYMENT_TARGET = 15.5;
				MTL_ENABLE_DEBUG_INFO = NO;
				MTL_FAST_MATH = YES;
				SDKROOT = iphoneos;
				SWIFT_COMPILATION_MODE = wholemodule;
				SWIFT_OPTIMIZATION_LEVEL = "-O";
				VALIDATE_PRODUCT = YES;
			};
			name = Release;
		};
		D88D554929A16D7B003A0478 /* Debug */ = {
			isa = XCBuildConfiguration;
			buildSettings = {
				ASSETCATALOG_COMPILER_APPICON_NAME = AppIcon;
				ASSETCATALOG_COMPILER_GLOBAL_ACCENT_COLOR_NAME = AccentColor;
				CODE_SIGN_STYLE = Automatic;
				CURRENT_PROJECT_VERSION = 1;
				DEVELOPMENT_TEAM = 2DTZ6ESMX9;
				GENERATE_INFOPLIST_FILE = YES;
				INFOPLIST_KEY_UIApplicationSupportsIndirectInputEvents = YES;
				INFOPLIST_KEY_UILaunchStoryboardName = LaunchScreen;
				INFOPLIST_KEY_UIMainStoryboardFile = Main;
				INFOPLIST_KEY_UIStatusBarHidden = YES;
				INFOPLIST_KEY_UISupportedInterfaceOrientations_iPad = "UIInterfaceOrientationPortrait UIInterfaceOrientationPortraitUpsideDown UIInterfaceOrientationLandscapeLeft UIInterfaceOrientationLandscapeRight";
				INFOPLIST_KEY_UISupportedInterfaceOrientations_iPhone = "UIInterfaceOrientationPortrait UIInterfaceOrientationLandscapeLeft UIInterfaceOrientationLandscapeRight";
				LD_RUNPATH_SEARCH_PATHS = (
					"$(inherited)",
					"@executable_path/Frameworks",
				);
				MARKETING_VERSION = 1.0;
				PRODUCT_BUNDLE_IDENTIFIER = andrewtokeley.dropper;
				PRODUCT_NAME = "$(TARGET_NAME)";
				SWIFT_EMIT_LOC_STRINGS = YES;
				SWIFT_VERSION = 5.0;
				TARGETED_DEVICE_FAMILY = "1,2";
			};
			name = Debug;
		};
		D88D554A29A16D7B003A0478 /* Release */ = {
			isa = XCBuildConfiguration;
			buildSettings = {
				ASSETCATALOG_COMPILER_APPICON_NAME = AppIcon;
				ASSETCATALOG_COMPILER_GLOBAL_ACCENT_COLOR_NAME = AccentColor;
				CODE_SIGN_STYLE = Automatic;
				CURRENT_PROJECT_VERSION = 1;
				DEVELOPMENT_TEAM = 2DTZ6ESMX9;
				GENERATE_INFOPLIST_FILE = YES;
				INFOPLIST_KEY_UIApplicationSupportsIndirectInputEvents = YES;
				INFOPLIST_KEY_UILaunchStoryboardName = LaunchScreen;
				INFOPLIST_KEY_UIMainStoryboardFile = Main;
				INFOPLIST_KEY_UIStatusBarHidden = YES;
				INFOPLIST_KEY_UISupportedInterfaceOrientations_iPad = "UIInterfaceOrientationPortrait UIInterfaceOrientationPortraitUpsideDown UIInterfaceOrientationLandscapeLeft UIInterfaceOrientationLandscapeRight";
				INFOPLIST_KEY_UISupportedInterfaceOrientations_iPhone = "UIInterfaceOrientationPortrait UIInterfaceOrientationLandscapeLeft UIInterfaceOrientationLandscapeRight";
				LD_RUNPATH_SEARCH_PATHS = (
					"$(inherited)",
					"@executable_path/Frameworks",
				);
				MARKETING_VERSION = 1.0;
				PRODUCT_BUNDLE_IDENTIFIER = andrewtokeley.dropper;
				PRODUCT_NAME = "$(TARGET_NAME)";
				SWIFT_EMIT_LOC_STRINGS = YES;
				SWIFT_VERSION = 5.0;
				TARGETED_DEVICE_FAMILY = "1,2";
			};
			name = Release;
		};
		D88D554C29A16D7B003A0478 /* Debug */ = {
			isa = XCBuildConfiguration;
			buildSettings = {
				ALWAYS_EMBED_SWIFT_STANDARD_LIBRARIES = YES;
				BUNDLE_LOADER = "$(TEST_HOST)";
				CODE_SIGN_STYLE = Automatic;
				CURRENT_PROJECT_VERSION = 1;
				DEVELOPMENT_TEAM = 2DTZ6ESMX9;
				GENERATE_INFOPLIST_FILE = YES;
				IPHONEOS_DEPLOYMENT_TARGET = 15.5;
				MARKETING_VERSION = 1.0;
				PRODUCT_BUNDLE_IDENTIFIER = andrewtokeley.dropperTests;
				PRODUCT_NAME = "$(TARGET_NAME)";
				SWIFT_EMIT_LOC_STRINGS = NO;
				SWIFT_VERSION = 5.0;
				TARGETED_DEVICE_FAMILY = "1,2";
				TEST_HOST = "$(BUILT_PRODUCTS_DIR)/dropper.app/dropper";
			};
			name = Debug;
		};
		D88D554D29A16D7B003A0478 /* Release */ = {
			isa = XCBuildConfiguration;
			buildSettings = {
				ALWAYS_EMBED_SWIFT_STANDARD_LIBRARIES = YES;
				BUNDLE_LOADER = "$(TEST_HOST)";
				CODE_SIGN_STYLE = Automatic;
				CURRENT_PROJECT_VERSION = 1;
				DEVELOPMENT_TEAM = 2DTZ6ESMX9;
				GENERATE_INFOPLIST_FILE = YES;
				IPHONEOS_DEPLOYMENT_TARGET = 15.5;
				MARKETING_VERSION = 1.0;
				PRODUCT_BUNDLE_IDENTIFIER = andrewtokeley.dropperTests;
				PRODUCT_NAME = "$(TARGET_NAME)";
				SWIFT_EMIT_LOC_STRINGS = NO;
				SWIFT_VERSION = 5.0;
				TARGETED_DEVICE_FAMILY = "1,2";
				TEST_HOST = "$(BUILT_PRODUCTS_DIR)/dropper.app/dropper";
			};
			name = Release;
		};
		D88D554F29A16D7B003A0478 /* Debug */ = {
			isa = XCBuildConfiguration;
			buildSettings = {
				ALWAYS_EMBED_SWIFT_STANDARD_LIBRARIES = YES;
				CODE_SIGN_STYLE = Automatic;
				CURRENT_PROJECT_VERSION = 1;
				DEVELOPMENT_TEAM = 2DTZ6ESMX9;
				GENERATE_INFOPLIST_FILE = YES;
				MARKETING_VERSION = 1.0;
				PRODUCT_BUNDLE_IDENTIFIER = andrewtokeley.dropperUITests;
				PRODUCT_NAME = "$(TARGET_NAME)";
				SWIFT_EMIT_LOC_STRINGS = NO;
				SWIFT_VERSION = 5.0;
				TARGETED_DEVICE_FAMILY = "1,2";
				TEST_TARGET_NAME = dropper;
			};
			name = Debug;
		};
		D88D555029A16D7B003A0478 /* Release */ = {
			isa = XCBuildConfiguration;
			buildSettings = {
				ALWAYS_EMBED_SWIFT_STANDARD_LIBRARIES = YES;
				CODE_SIGN_STYLE = Automatic;
				CURRENT_PROJECT_VERSION = 1;
				DEVELOPMENT_TEAM = 2DTZ6ESMX9;
				GENERATE_INFOPLIST_FILE = YES;
				MARKETING_VERSION = 1.0;
				PRODUCT_BUNDLE_IDENTIFIER = andrewtokeley.dropperUITests;
				PRODUCT_NAME = "$(TARGET_NAME)";
				SWIFT_EMIT_LOC_STRINGS = NO;
				SWIFT_VERSION = 5.0;
				TARGETED_DEVICE_FAMILY = "1,2";
				TEST_TARGET_NAME = dropper;
			};
			name = Release;
		};
/* End XCBuildConfiguration section */

/* Begin XCConfigurationList section */
		D88D551629A16D79003A0478 /* Build configuration list for PBXProject "dropper" */ = {
			isa = XCConfigurationList;
			buildConfigurations = (
				D88D554629A16D7B003A0478 /* Debug */,
				D88D554729A16D7B003A0478 /* Release */,
			);
			defaultConfigurationIsVisible = 0;
			defaultConfigurationName = Release;
		};
		D88D554829A16D7B003A0478 /* Build configuration list for PBXNativeTarget "dropper" */ = {
			isa = XCConfigurationList;
			buildConfigurations = (
				D88D554929A16D7B003A0478 /* Debug */,
				D88D554A29A16D7B003A0478 /* Release */,
			);
			defaultConfigurationIsVisible = 0;
			defaultConfigurationName = Release;
		};
		D88D554B29A16D7B003A0478 /* Build configuration list for PBXNativeTarget "dropperTests" */ = {
			isa = XCConfigurationList;
			buildConfigurations = (
				D88D554C29A16D7B003A0478 /* Debug */,
				D88D554D29A16D7B003A0478 /* Release */,
			);
			defaultConfigurationIsVisible = 0;
			defaultConfigurationName = Release;
		};
		D88D554E29A16D7B003A0478 /* Build configuration list for PBXNativeTarget "dropperUITests" */ = {
			isa = XCConfigurationList;
			buildConfigurations = (
				D88D554F29A16D7B003A0478 /* Debug */,
				D88D555029A16D7B003A0478 /* Release */,
			);
			defaultConfigurationIsVisible = 0;
			defaultConfigurationName = Release;
		};
/* End XCConfigurationList section */
	};
	rootObject = D88D551329A16D79003A0478 /* Project object */;
}
